
Microsoft Visual Studio Solution File, Format Version 12.00
Project("{FAE04EC0-301F-11D3-BF4B-00C04F79EFBC}") = "AvitoSparesParser", "AvitoSparesParser\AvitoSparesParser.csproj", "{3450D82C-8C0E-4D38-96AD-A1471A57D6C5}"
EndProject
Project("{FAE04EC0-301F-11D3-BF4B-00C04F79EFBC}") = "Tests", "Tests\Tests.csproj", "{78EC6AB0-89D1-4AC4-AA7A-6DD28BA09000}"
EndProject
Global
	GlobalSection(SolutionConfigurationPlatforms) = preSolution
		Debug|Any CPU = Debug|Any CPU
		Release|Any CPU = Release|Any CPU
	EndGlobalSection
	GlobalSection(ProjectConfigurationPlatforms) = postSolution
		{3450D82C-8C0E-4D38-96AD-A1471A57D6C5}.Debug|Any CPU.ActiveCfg = Debug|Any CPU
		{3450D82C-8C0E-4D38-96AD-A1471A57D6C5}.Debug|Any CPU.Build.0 = Debug|Any CPU
		{3450D82C-8C0E-4D38-96AD-A1471A57D6C5}.Release|Any CPU.ActiveCfg = Release|Any CPU
		{3450D82C-8C0E-4D38-96AD-A1471A57D6C5}.Release|Any CPU.Build.0 = Release|Any CPU
		{78EC6AB0-89D1-4AC4-AA7A-6DD28BA09000}.Debug|Any CPU.ActiveCfg = Debug|Any CPU
		{78EC6AB0-89D1-4AC4-AA7A-6DD28BA09000}.Debug|Any CPU.Build.0 = Debug|Any CPU
		{78EC6AB0-89D1-4AC4-AA7A-6DD28BA09000}.Release|Any CPU.ActiveCfg = Release|Any CPU
		{78EC6AB0-89D1-4AC4-AA7A-6DD28BA09000}.Release|Any CPU.Build.0 = Release|Any CPU
	EndGlobalSection
EndGlobal
