
Microsoft Visual Studio Solution File, Format Version 12.00
Project("{FAE04EC0-301F-11D3-BF4B-00C04F79EFBC}") = "Tests", "Tests\Tests.csproj", "{78EC6AB0-89D1-4AC4-AA7A-6DD28BA09000}"
EndProject
Project("{FAE04EC0-301F-11D3-BF4B-00C04F79EFBC}") = "AvitoSparesParser", "AvitoSparesParser\AvitoSparesParser.csproj", "{9C2C400E-379F-411B-814F-F08B3DAD8159}"
EndProject
Global
	GlobalSection(SolutionConfigurationPlatforms) = preSolution
		Debug|Any CPU = Debug|Any CPU
		Release|Any CPU = Release|Any CPU
	EndGlobalSection
	GlobalSection(ProjectConfigurationPlatforms) = postSolution
		{78EC6AB0-89D1-4AC4-AA7A-6DD28BA09000}.Debug|Any CPU.ActiveCfg = Debug|Any CPU
		{78EC6AB0-89D1-4AC4-AA7A-6DD28BA09000}.Debug|Any CPU.Build.0 = Debug|Any CPU
		{78EC6AB0-89D1-4AC4-AA7A-6DD28BA09000}.Release|Any CPU.ActiveCfg = Release|Any CPU
		{78EC6AB0-89D1-4AC4-AA7A-6DD28BA09000}.Release|Any CPU.Build.0 = Release|Any CPU
		{9C2C400E-379F-411B-814F-F08B3DAD8159}.Debug|Any CPU.ActiveCfg = Debug|Any CPU
		{9C2C400E-379F-411B-814F-F08B3DAD8159}.Debug|Any CPU.Build.0 = Debug|Any CPU
		{9C2C400E-379F-411B-814F-F08B3DAD8159}.Release|Any CPU.ActiveCfg = Release|Any CPU
		{9C2C400E-379F-411B-814F-F08B3DAD8159}.Release|Any CPU.Build.0 = Release|Any CPU
	EndGlobalSection
EndGlobal
