Microsoft Visual Studio Solution File, Format Version 12.00
# Visual Studio Version 17
VisualStudioVersion = 17.5.2.0
MinimumVisualStudioVersion = 10.0.40219.1
Project("{FAE04EC0-301F-11D3-BF4B-00C04F79EFBC}") = "AvitoSparesParser", "AvitoSparesParser.csproj", "{D8DC0B24-256B-8885-4A1C-CE9DE132E67D}"
EndProject
Global
	GlobalSection(SolutionConfigurationPlatforms) = preSolution
		Debug|Any CPU = Debug|Any CPU
		Release|Any CPU = Release|Any CPU
	EndGlobalSection
	GlobalSection(ProjectConfigurationPlatforms) = postSolution
		{D8DC0B24-256B-8885-4A1C-CE9DE132E67D}.Debug|Any CPU.ActiveCfg = Debug|Any CPU
		{D8DC0B24-256B-8885-4A1C-CE9DE132E67D}.Debug|Any CPU.Build.0 = Debug|Any CPU
		{D8DC0B24-256B-8885-4A1C-CE9DE132E67D}.Release|Any CPU.ActiveCfg = Release|Any CPU
		{D8DC0B24-256B-8885-4A1C-CE9DE132E67D}.Release|Any CPU.Build.0 = Release|Any CPU
	EndGlobalSection
	GlobalSection(SolutionProperties) = preSolution
		HideSolutionNode = FALSE
	EndGlobalSection
	GlobalSection(ExtensibilityGlobals) = postSolution
		SolutionGuid = {61B90C44-2F51-4774-AF84-7658F7D26BDB}
	EndGlobalSection
EndGlobal
