
Microsoft Visual Studio Solution File, Format Version 12.00
Project("{2150E333-8FDC-42A3-9474-1A3956D46DE8}") = "modules", "modules", "{79472554-9950-4B72-8B55-F32E46914B0B}"
EndProject
Project("{FAE04EC0-301F-11D3-BF4B-00C04F79EFBC}") = "RemTech.Bootstrap.Api", "modules\RemTech.Bootstrap.Api\RemTech.Bootstrap.Api.csproj", "{0F1953F7-2BA8-43CB-BAD2-F9432ADA45E3}"
EndProject
Project("{2150E333-8FDC-42A3-9474-1A3956D46DE8}") = "shared_module", "shared_module", "{6F5C9BC2-2F61-40A4-B372-CCE7AA12358D}"
EndProject
Project("{FAE04EC0-301F-11D3-BF4B-00C04F79EFBC}") = "RemTech.Core.Shared", "modules\shared_module\RemTech.Core.Shared\RemTech.Core.Shared.csproj", "{36D17E5E-053E-4A1F-BE36-A3ACAC9CCF32}"
EndProject
Project("{2150E333-8FDC-42A3-9474-1A3956D46DE8}") = "parsed_advertisements", "parsed_advertisements", "{E099BD53-3575-4FAB-8048-FEBEBBB81ECB}"
EndProject
Project("{FAE04EC0-301F-11D3-BF4B-00C04F79EFBC}") = "RemTech.Vehicles.Module", "modules\parsed_advertisements\RemTech.Vehicles.Module\RemTech.Vehicles.Module.csproj", "{841081F2-8939-4059-B298-046EABCC2A04}"
EndProject
Project("{2150E333-8FDC-42A3-9474-1A3956D46DE8}") = "parsing_services", "parsing_services", "{33ED6847-9F92-420E-AA37-D7EB229DB765}"
EndProject
Project("{2150E333-8FDC-42A3-9474-1A3956D46DE8}") = "vehicle_parsing", "vehicle_parsing", "{5C612390-D5EF-443F-9E9F-2406DCFD732C}"
EndProject
Project("{2150E333-8FDC-42A3-9474-1A3956D46DE8}") = "spare_parsing", "spare_parsing", "{073A917A-9813-44E9-B0F5-B1FB9CBCB57A}"
EndProject
Project("{2150E333-8FDC-42A3-9474-1A3956D46DE8}") = "common", "common", "{B98D490E-E1FC-4672-BF66-B9A5234C6DE1}"
EndProject
Project("{FAE04EC0-301F-11D3-BF4B-00C04F79EFBC}") = "Parsing.SDK", "parsing_services\common\Parsing.SDK\Parsing.SDK.csproj", "{76B9778C-915B-4C5C-992D-88F5CEFD1842}"
EndProject
Project("{FAE04EC0-301F-11D3-BF4B-00C04F79EFBC}") = "Parsing.Vehicles.Common", "parsing_services\vehicle_parsing\Parsing.Vehicles.Common\Parsing.Vehicles.Common.csproj", "{DF71A717-0799-4B82-9827-397D470B4730}"
EndProject
Project("{2150E333-8FDC-42A3-9474-1A3956D46DE8}") = "avito_vehicles", "avito_vehicles", "{7274B1A0-8FA0-4C96-9F33-D4DC4A512C06}"
EndProject
Project("{FAE04EC0-301F-11D3-BF4B-00C04F79EFBC}") = "Avito.Parsing.Vehicles.Tests", "parsing_services\vehicle_parsing\avito_vehicles\Avito.Parsing.Vehicles.Tests\Avito.Parsing.Vehicles.Tests.csproj", "{D6B0FEF3-C7E6-4318-8A37-24A65BFB0510}"
EndProject
Project("{2150E333-8FDC-42A3-9474-1A3956D46DE8}") = "common_avito", "common_avito", "{8F03D7E1-539A-40BD-977E-D85A243D3A0F}"
EndProject
Project("{FAE04EC0-301F-11D3-BF4B-00C04F79EFBC}") = "Parsing.Avito.Common", "parsing_services\common\common_avito\Parsing.Avito.Common\Parsing.Avito.Common.csproj", "{039A9A45-D7C7-4F5B-BA43-F4CDDE4B6E9B}"
EndProject
Project("{2150E333-8FDC-42A3-9474-1A3956D46DE8}") = "users", "users", "{977FB8B6-5149-48B1-B4FE-A81C58B9688A}"
EndProject
Project("{FAE04EC0-301F-11D3-BF4B-00C04F79EFBC}") = "Users.Module", "modules\users\Users.Module\Users.Module.csproj", "{8A5F6099-D57D-4EEA-8959-9A02850143F5}"
EndProject
Project("{2150E333-8FDC-42A3-9474-1A3956D46DE8}") = "mailing", "mailing", "{B5E778FE-6E21-4D96-A023-FE888D2D893E}"
EndProject
Project("{FAE04EC0-301F-11D3-BF4B-00C04F79EFBC}") = "Mailing.Module", "modules\mailing\Mailing.Module\Mailing.Module.csproj", "{53054BDC-A1AB-4014-9691-31C3A7356262}"
EndProject
Project("{FAE04EC0-301F-11D3-BF4B-00C04F79EFBC}") = "Mailing.Tests", "modules\mailing\Mailing.Tests\Mailing.Tests.csproj", "{D23FC681-E685-479B-9433-6FEE585B5328}"
EndProject
Project("{2150E333-8FDC-42A3-9474-1A3956D46DE8}") = "scrapers", "scrapers", "{29BC353A-286C-4324-B189-D16797EFE0F5}"
EndProject
Project("{FAE04EC0-301F-11D3-BF4B-00C04F79EFBC}") = "Scrapers.Module", "modules\scrapers\Scrapers.Module\Scrapers.Module.csproj", "{088EF7F3-DD63-44EB-9576-670D77F6DCE5}"
EndProject
Project("{FAE04EC0-301F-11D3-BF4B-00C04F79EFBC}") = "Parsing.RabbitMq", "parsing_services\common\Parsing.RabbitMq\Parsing.RabbitMq.csproj", "{6FD8BD09-82B0-4D86-8CF9-5713F55F1E0A}"
EndProject
Project("{FAE04EC0-301F-11D3-BF4B-00C04F79EFBC}") = "Avito.Vehicles.Service", "parsing_services\vehicle_parsing\avito_vehicles\Avito.Vehicles.Service\Avito.Vehicles.Service.csproj", "{39195E9C-3899-4D49-BA2C-A8B1DEFD1469}"
EndProject
Project("{2150E333-8FDC-42A3-9474-1A3956D46DE8}") = "drom_vehicles", "drom_vehicles", "{BC94AAD5-7FD1-4A16-9ACB-9E590C8E8158}"
EndProject
Project("{FAE04EC0-301F-11D3-BF4B-00C04F79EFBC}") = "Drom.Parsing.Vehicles", "parsing_services\vehicle_parsing\drom_vehicles\Drom.Parsing.Vehicles\Drom.Parsing.Vehicles.csproj", "{F510A041-1CE5-462F-AF38-8B5623C79F47}"
EndProject
Project("{FAE04EC0-301F-11D3-BF4B-00C04F79EFBC}") = "Drom.Parsing.Tests", "parsing_services\vehicle_parsing\drom_vehicles\Drom.Parsing.Tests\Drom.Parsing.Tests.csproj", "{90DA3F78-8000-4923-B37D-D7B30724B3A7}"
EndProject
Project("{FAE04EC0-301F-11D3-BF4B-00C04F79EFBC}") = "RemTech.Spares.Module", "modules\parsed_advertisements\RemTech.Spares.Module\RemTech.Spares.Module.csproj", "{9BBED8A0-FAD5-482D-A455-CED2AA270C5C}"
EndProject
Project("{2150E333-8FDC-42A3-9474-1A3956D46DE8}") = "avito", "avito", "{081EB8E2-7EE7-4C24-BEE7-9E74BFC73A1B}"
EndProject
Project("{FAE04EC0-301F-11D3-BF4B-00C04F79EFBC}") = "Avito.Parsing.Spares", "parsing_services\spare_parsing\avito\Avito.Parsing.Spares\Avito.Parsing.Spares.csproj", "{51403465-7073-4E4A-9F7B-398AFE233A88}"
EndProject
Project("{FAE04EC0-301F-11D3-BF4B-00C04F79EFBC}") = "Avito.Parsing.Spares.Tests", "parsing_services\spare_parsing\avito\Avito.Parsing.Spares.Tests\Avito.Parsing.Spares.Tests.csproj", "{00C2CF4D-0AED-48FD-8026-18B5CE4794D1}"
EndProject
Project("{2150E333-8FDC-42A3-9474-1A3956D46DE8}") = "geo_locations", "geo_locations", "{1F61389F-7389-4544-B8D1-42D45580F604}"
EndProject
Project("{FAE04EC0-301F-11D3-BF4B-00C04F79EFBC}") = "GeoLocations.Module", "modules\geo_locations\GeoLocations.Module\GeoLocations.Module.csproj", "{19AFE9F1-79BB-4599-A1A3-F39C9357AA5A}"
EndProject
Project("{2150E333-8FDC-42A3-9474-1A3956D46DE8}") = "brands", "brands", "{49BAC82F-2733-4779-B420-201854F58C17}"
EndProject
Project("{2150E333-8FDC-42A3-9474-1A3956D46DE8}") = "categories", "categories", "{FCF8CC15-27E3-4F0F-A5BE-33704F9D166D}"
EndProject
Project("{2150E333-8FDC-42A3-9474-1A3956D46DE8}") = "models", "models", "{DB5FB3DC-606B-4636-956B-25B2E83A5220}"
EndProject
Project("{FAE04EC0-301F-11D3-BF4B-00C04F79EFBC}") = "Brands.Module", "modules\brands\Brands.Module\Brands.Module.csproj", "{06BA24C6-B35D-45F4-AECA-C91BD6FA45B7}"
EndProject
Project("{FAE04EC0-301F-11D3-BF4B-00C04F79EFBC}") = "Categories.Module", "modules\categories\Categories.Module\Categories.Module.csproj", "{2CDA8042-92E7-449E-9DEE-7206EC3C53B6}"
EndProject
Project("{FAE04EC0-301F-11D3-BF4B-00C04F79EFBC}") = "Models.Module", "modules\models\Models.Module\Models.Module.csproj", "{9D64947A-9C49-4A56-AA88-75023870C778}"
EndProject
Project("{FAE04EC0-301F-11D3-BF4B-00C04F79EFBC}") = "Shared.Infrastructure.Module", "modules\shared_module\Shared.Infrastructure.Module\Shared.Infrastructure.Module.csproj", "{E0E44F06-A0E6-490A-8990-2DAE1936CB6F}"
EndProject
Project("{FAE04EC0-301F-11D3-BF4B-00C04F79EFBC}") = "RemTech.ContainedItems.Module", "modules\parsed_advertisements\RemTech.ContainedItems.Module\RemTech.ContainedItems.Module.csproj", "{8EDC2FCF-9006-4101-8774-3CBDBA3BC390}"
EndProject
Project("{FAE04EC0-301F-11D3-BF4B-00C04F79EFBC}") = "Parsing.Cache", "parsing_services\common\Parsing.Cache\Parsing.Cache.csproj", "{E29C19A9-6007-4422-BC18-B98AB263EA52}"
EndProject
Project("{2150E333-8FDC-42A3-9474-1A3956D46DE8}") = "cleaners", "cleaners", "{CF8E5469-92E8-4593-AB87-423A4BEA01A2}"
EndProject
Project("{FAE04EC0-301F-11D3-BF4B-00C04F79EFBC}") = "Cleaners.Module", "modules\cleaners\Cleaners.Module\Cleaners.Module.csproj", "{A4F09CD4-BD0B-461A-B22E-3548C51D841E}"
EndProject
Project("{2150E333-8FDC-42A3-9474-1A3956D46DE8}") = "cleaners", "cleaners", "{9A209187-FE22-4439-B37A-1401FCA207CD}"
EndProject
Project("{FAE04EC0-301F-11D3-BF4B-00C04F79EFBC}") = "Cleaner", "parsing_services\cleaners\Cleaner\Cleaner.csproj", "{4A3FB16A-7868-45AE-8707-6983394EC868}"
EndProject
Project("{FAE04EC0-301F-11D3-BF4B-00C04F79EFBC}") = "Parsing.Grpc", "parsing_services\common\Parsing.Grpc\Parsing.Grpc.csproj", "{C382E56A-D457-4B51-A5A6-E328A09A8079}"
EndProject
Project("{2150E333-8FDC-42A3-9474-1A3956D46DE8}") = "telemetry", "telemetry", "{5CB0644B-C59E-4EC3-83C8-13CF97341231}"
EndProject
Project("{FAE04EC0-301F-11D3-BF4B-00C04F79EFBC}") = "Telemetry.Domain", "modules\telemetry\Telemetry.Domain\Telemetry.Domain.csproj", "{93FC8BD4-B3CC-423C-BB02-3D985E9DFF51}"
EndProject
Project("{2150E333-8FDC-42A3-9474-1A3956D46DE8}") = "Infrastructure", "Infrastructure", "{C70949EA-BF73-4E17-A9AB-87C215BDF273}"
EndProject
Project("{FAE04EC0-301F-11D3-BF4B-00C04F79EFBC}") = "Telemetry.Infrastructure.PostgreSQL", "modules\telemetry\Telemetry.Infrastructure\Telemetry.Infrastructure.PostgreSQL\Telemetry.Infrastructure.PostgreSQL.csproj", "{9C82B8F8-A87E-4246-8E77-2CCCB935057A}"
EndProject
Project("{FAE04EC0-301F-11D3-BF4B-00C04F79EFBC}") = "Telemetry.Contracts", "modules\telemetry\Telemetry.Contracts\Telemetry.Contracts.csproj", "{6451A400-810E-44D6-B3E2-C3D70707E788}"
EndProject
Project("{FAE04EC0-301F-11D3-BF4B-00C04F79EFBC}") = "Telemetry.Infrastructure.RabbitMQ", "modules\telemetry\Telemetry.Infrastructure\Telemetry.Infrastructure.RabbitMQ\Telemetry.Infrastructure.RabbitMQ.csproj", "{6234CF54-8088-4A34-9A8C-E27175A370D8}"
EndProject
Project("{2150E333-8FDC-42A3-9474-1A3956D46DE8}") = "Tests", "Tests", "{B59E7D59-A558-4723-A4A0-969D22713B2F}"
EndProject
Project("{2150E333-8FDC-42A3-9474-1A3956D46DE8}") = "Adapters", "Adapters", "{FD6B19B3-F064-464D-8CDF-FBEC85FF3A8D}"
EndProject
Project("{2150E333-8FDC-42A3-9474-1A3956D46DE8}") = "In", "In", "{0D4583BA-6B9E-404D-919B-D38E8D7ACA98}"
EndProject
Project("{2150E333-8FDC-42A3-9474-1A3956D46DE8}") = "Out", "Out", "{72186FA4-A624-4BFB-AE60-611F01B4507A}"
EndProject
Project("{FAE04EC0-301F-11D3-BF4B-00C04F79EFBC}") = "Telemetry.Adapter.Storage", "modules\telemetry\Adapters\In\Telemetry.Adapter.Storage\Telemetry.Adapter.Storage.csproj", "{23DB4783-D6FB-4C2E-B774-EC8B47F73741}"
EndProject
Project("{FAE04EC0-301F-11D3-BF4B-00C04F79EFBC}") = "Telemetry.Adapter.Storage.Tests", "modules\telemetry\Tests\Telemetry.Adapter.Storage.Tests\Telemetry.Adapter.Storage.Tests.csproj", "{915EC04B-9CBE-4CC2-A3DC-EF2DFF751042}"
EndProject
Project("{FAE04EC0-301F-11D3-BF4B-00C04F79EFBC}") = "RemTech.Shared.Tests", "modules\shared_module\RemTech.Shared.Tests\RemTech.Shared.Tests.csproj", "{7ED1BB31-985C-4A3A-A269-6842B172CAFD}"
EndProject
Project("{FAE04EC0-301F-11D3-BF4B-00C04F79EFBC}") = "RemTech.Shared.Configuration", "modules\shared_module\RemTech.Shared.Configuration\RemTech.Shared.Configuration.csproj", "{9685FD7D-7315-41E9-A964-8CD4DDEC2A4C}"
EndProject
Project("{FAE04EC0-301F-11D3-BF4B-00C04F79EFBC}") = "Identity.Domain", "modules\users\Identity.Domain\Identity.Domain.csproj", "{7E370EA3-419F-40F1-B563-1F924AFFC0B0}"
EndProject
Project("{2150E333-8FDC-42A3-9474-1A3956D46DE8}") = "Adapters", "Adapters", "{456B7B6B-0023-45CC-8702-5E0BCB1913F3}"
EndProject
Project("{FAE04EC0-301F-11D3-BF4B-00C04F79EFBC}") = "Identity.Adapter.Storage", "modules\users\Adapters\Identity.Adapter.Storage\Identity.Adapter.Storage.csproj", "{3D19EC89-8CE2-495E-9483-9386556DB3E4}"
EndProject
Project("{FAE04EC0-301F-11D3-BF4B-00C04F79EFBC}") = "Identity.Adapter.PasswordManager", "modules\users\Adapters\Identity.Adapter.PasswordManager\Identity.Adapter.PasswordManager.csproj", "{14561BB2-4F11-4B7C-9197-01CC78F371B3}"
EndProject
Project("{FAE04EC0-301F-11D3-BF4B-00C04F79EFBC}") = "Identity.WebApi", "modules\users\Identity.WebApi\Identity.WebApi.csproj", "{7C5688D6-83B0-47FA-B288-DDE9E8E52F49}"
EndProject
Project("{2150E333-8FDC-42A3-9474-1A3956D46DE8}") = "Tests", "Tests", "{F91287F3-E914-4DA6-9A65-3DC6ED9B1F2A}"
EndProject
Project("{FAE04EC0-301F-11D3-BF4B-00C04F79EFBC}") = "Identity.Integrational.Tests", "modules\users\Tests\Identity.Integrational.Tests\Identity.Integrational.Tests.csproj", "{A13E29D6-70C7-4822-A866-E915EB6B2937}"
EndProject
Global
	GlobalSection(SolutionConfigurationPlatforms) = preSolution
		Debug|Any CPU = Debug|Any CPU
		Release|Any CPU = Release|Any CPU
	EndGlobalSection
	GlobalSection(NestedProjects) = preSolution
		{0F1953F7-2BA8-43CB-BAD2-F9432ADA45E3} = {79472554-9950-4B72-8B55-F32E46914B0B}
		{6F5C9BC2-2F61-40A4-B372-CCE7AA12358D} = {79472554-9950-4B72-8B55-F32E46914B0B}
		{36D17E5E-053E-4A1F-BE36-A3ACAC9CCF32} = {6F5C9BC2-2F61-40A4-B372-CCE7AA12358D}
		{E099BD53-3575-4FAB-8048-FEBEBBB81ECB} = {79472554-9950-4B72-8B55-F32E46914B0B}
		{841081F2-8939-4059-B298-046EABCC2A04} = {E099BD53-3575-4FAB-8048-FEBEBBB81ECB}
		{5C612390-D5EF-443F-9E9F-2406DCFD732C} = {33ED6847-9F92-420E-AA37-D7EB229DB765}
		{073A917A-9813-44E9-B0F5-B1FB9CBCB57A} = {33ED6847-9F92-420E-AA37-D7EB229DB765}
		{B98D490E-E1FC-4672-BF66-B9A5234C6DE1} = {33ED6847-9F92-420E-AA37-D7EB229DB765}
		{76B9778C-915B-4C5C-992D-88F5CEFD1842} = {B98D490E-E1FC-4672-BF66-B9A5234C6DE1}
		{DF71A717-0799-4B82-9827-397D470B4730} = {5C612390-D5EF-443F-9E9F-2406DCFD732C}
		{7274B1A0-8FA0-4C96-9F33-D4DC4A512C06} = {5C612390-D5EF-443F-9E9F-2406DCFD732C}
		{D6B0FEF3-C7E6-4318-8A37-24A65BFB0510} = {7274B1A0-8FA0-4C96-9F33-D4DC4A512C06}
		{8F03D7E1-539A-40BD-977E-D85A243D3A0F} = {B98D490E-E1FC-4672-BF66-B9A5234C6DE1}
		{039A9A45-D7C7-4F5B-BA43-F4CDDE4B6E9B} = {8F03D7E1-539A-40BD-977E-D85A243D3A0F}
		{977FB8B6-5149-48B1-B4FE-A81C58B9688A} = {79472554-9950-4B72-8B55-F32E46914B0B}
		{8A5F6099-D57D-4EEA-8959-9A02850143F5} = {977FB8B6-5149-48B1-B4FE-A81C58B9688A}
		{B5E778FE-6E21-4D96-A023-FE888D2D893E} = {79472554-9950-4B72-8B55-F32E46914B0B}
		{53054BDC-A1AB-4014-9691-31C3A7356262} = {B5E778FE-6E21-4D96-A023-FE888D2D893E}
		{D23FC681-E685-479B-9433-6FEE585B5328} = {B5E778FE-6E21-4D96-A023-FE888D2D893E}
		{29BC353A-286C-4324-B189-D16797EFE0F5} = {79472554-9950-4B72-8B55-F32E46914B0B}
		{088EF7F3-DD63-44EB-9576-670D77F6DCE5} = {29BC353A-286C-4324-B189-D16797EFE0F5}
		{6FD8BD09-82B0-4D86-8CF9-5713F55F1E0A} = {B98D490E-E1FC-4672-BF66-B9A5234C6DE1}
		{39195E9C-3899-4D49-BA2C-A8B1DEFD1469} = {7274B1A0-8FA0-4C96-9F33-D4DC4A512C06}
		{BC94AAD5-7FD1-4A16-9ACB-9E590C8E8158} = {5C612390-D5EF-443F-9E9F-2406DCFD732C}
		{F510A041-1CE5-462F-AF38-8B5623C79F47} = {BC94AAD5-7FD1-4A16-9ACB-9E590C8E8158}
		{90DA3F78-8000-4923-B37D-D7B30724B3A7} = {BC94AAD5-7FD1-4A16-9ACB-9E590C8E8158}
		{9BBED8A0-FAD5-482D-A455-CED2AA270C5C} = {E099BD53-3575-4FAB-8048-FEBEBBB81ECB}
		{081EB8E2-7EE7-4C24-BEE7-9E74BFC73A1B} = {073A917A-9813-44E9-B0F5-B1FB9CBCB57A}
		{51403465-7073-4E4A-9F7B-398AFE233A88} = {081EB8E2-7EE7-4C24-BEE7-9E74BFC73A1B}
		{00C2CF4D-0AED-48FD-8026-18B5CE4794D1} = {081EB8E2-7EE7-4C24-BEE7-9E74BFC73A1B}
		{1F61389F-7389-4544-B8D1-42D45580F604} = {79472554-9950-4B72-8B55-F32E46914B0B}
		{19AFE9F1-79BB-4599-A1A3-F39C9357AA5A} = {1F61389F-7389-4544-B8D1-42D45580F604}
		{49BAC82F-2733-4779-B420-201854F58C17} = {79472554-9950-4B72-8B55-F32E46914B0B}
		{FCF8CC15-27E3-4F0F-A5BE-33704F9D166D} = {79472554-9950-4B72-8B55-F32E46914B0B}
		{DB5FB3DC-606B-4636-956B-25B2E83A5220} = {79472554-9950-4B72-8B55-F32E46914B0B}
		{06BA24C6-B35D-45F4-AECA-C91BD6FA45B7} = {49BAC82F-2733-4779-B420-201854F58C17}
		{2CDA8042-92E7-449E-9DEE-7206EC3C53B6} = {FCF8CC15-27E3-4F0F-A5BE-33704F9D166D}
		{9D64947A-9C49-4A56-AA88-75023870C778} = {DB5FB3DC-606B-4636-956B-25B2E83A5220}
		{E0E44F06-A0E6-490A-8990-2DAE1936CB6F} = {6F5C9BC2-2F61-40A4-B372-CCE7AA12358D}
		{8EDC2FCF-9006-4101-8774-3CBDBA3BC390} = {E099BD53-3575-4FAB-8048-FEBEBBB81ECB}
		{E29C19A9-6007-4422-BC18-B98AB263EA52} = {B98D490E-E1FC-4672-BF66-B9A5234C6DE1}
		{CF8E5469-92E8-4593-AB87-423A4BEA01A2} = {79472554-9950-4B72-8B55-F32E46914B0B}
		{A4F09CD4-BD0B-461A-B22E-3548C51D841E} = {CF8E5469-92E8-4593-AB87-423A4BEA01A2}
		{9A209187-FE22-4439-B37A-1401FCA207CD} = {33ED6847-9F92-420E-AA37-D7EB229DB765}
		{4A3FB16A-7868-45AE-8707-6983394EC868} = {9A209187-FE22-4439-B37A-1401FCA207CD}
		{C382E56A-D457-4B51-A5A6-E328A09A8079} = {B98D490E-E1FC-4672-BF66-B9A5234C6DE1}
		{5CB0644B-C59E-4EC3-83C8-13CF97341231} = {79472554-9950-4B72-8B55-F32E46914B0B}
		{93FC8BD4-B3CC-423C-BB02-3D985E9DFF51} = {5CB0644B-C59E-4EC3-83C8-13CF97341231}
		{C70949EA-BF73-4E17-A9AB-87C215BDF273} = {5CB0644B-C59E-4EC3-83C8-13CF97341231}
		{9C82B8F8-A87E-4246-8E77-2CCCB935057A} = {C70949EA-BF73-4E17-A9AB-87C215BDF273}
		{6451A400-810E-44D6-B3E2-C3D70707E788} = {5CB0644B-C59E-4EC3-83C8-13CF97341231}
		{6234CF54-8088-4A34-9A8C-E27175A370D8} = {C70949EA-BF73-4E17-A9AB-87C215BDF273}
		{B59E7D59-A558-4723-A4A0-969D22713B2F} = {5CB0644B-C59E-4EC3-83C8-13CF97341231}
		{FD6B19B3-F064-464D-8CDF-FBEC85FF3A8D} = {5CB0644B-C59E-4EC3-83C8-13CF97341231}
		{0D4583BA-6B9E-404D-919B-D38E8D7ACA98} = {FD6B19B3-F064-464D-8CDF-FBEC85FF3A8D}
		{72186FA4-A624-4BFB-AE60-611F01B4507A} = {FD6B19B3-F064-464D-8CDF-FBEC85FF3A8D}
		{23DB4783-D6FB-4C2E-B774-EC8B47F73741} = {0D4583BA-6B9E-404D-919B-D38E8D7ACA98}
		{915EC04B-9CBE-4CC2-A3DC-EF2DFF751042} = {B59E7D59-A558-4723-A4A0-969D22713B2F}
		{7ED1BB31-985C-4A3A-A269-6842B172CAFD} = {6F5C9BC2-2F61-40A4-B372-CCE7AA12358D}
		{9685FD7D-7315-41E9-A964-8CD4DDEC2A4C} = {6F5C9BC2-2F61-40A4-B372-CCE7AA12358D}
		{7E370EA3-419F-40F1-B563-1F924AFFC0B0} = {977FB8B6-5149-48B1-B4FE-A81C58B9688A}
		{456B7B6B-0023-45CC-8702-5E0BCB1913F3} = {977FB8B6-5149-48B1-B4FE-A81C58B9688A}
		{3D19EC89-8CE2-495E-9483-9386556DB3E4} = {456B7B6B-0023-45CC-8702-5E0BCB1913F3}
		{14561BB2-4F11-4B7C-9197-01CC78F371B3} = {456B7B6B-0023-45CC-8702-5E0BCB1913F3}
		{7C5688D6-83B0-47FA-B288-DDE9E8E52F49} = {977FB8B6-5149-48B1-B4FE-A81C58B9688A}
		{F91287F3-E914-4DA6-9A65-3DC6ED9B1F2A} = {977FB8B6-5149-48B1-B4FE-A81C58B9688A}
		{A13E29D6-70C7-4822-A866-E915EB6B2937} = {F91287F3-E914-4DA6-9A65-3DC6ED9B1F2A}
	EndGlobalSection
	GlobalSection(ProjectConfigurationPlatforms) = postSolution
		{0F1953F7-2BA8-43CB-BAD2-F9432ADA45E3}.Debug|Any CPU.ActiveCfg = Debug|Any CPU
		{0F1953F7-2BA8-43CB-BAD2-F9432ADA45E3}.Debug|Any CPU.Build.0 = Debug|Any CPU
		{0F1953F7-2BA8-43CB-BAD2-F9432ADA45E3}.Release|Any CPU.ActiveCfg = Release|Any CPU
		{0F1953F7-2BA8-43CB-BAD2-F9432ADA45E3}.Release|Any CPU.Build.0 = Release|Any CPU
		{36D17E5E-053E-4A1F-BE36-A3ACAC9CCF32}.Debug|Any CPU.ActiveCfg = Debug|Any CPU
		{36D17E5E-053E-4A1F-BE36-A3ACAC9CCF32}.Debug|Any CPU.Build.0 = Debug|Any CPU
		{36D17E5E-053E-4A1F-BE36-A3ACAC9CCF32}.Release|Any CPU.ActiveCfg = Release|Any CPU
		{36D17E5E-053E-4A1F-BE36-A3ACAC9CCF32}.Release|Any CPU.Build.0 = Release|Any CPU
		{841081F2-8939-4059-B298-046EABCC2A04}.Debug|Any CPU.ActiveCfg = Debug|Any CPU
		{841081F2-8939-4059-B298-046EABCC2A04}.Debug|Any CPU.Build.0 = Debug|Any CPU
		{841081F2-8939-4059-B298-046EABCC2A04}.Release|Any CPU.ActiveCfg = Release|Any CPU
		{841081F2-8939-4059-B298-046EABCC2A04}.Release|Any CPU.Build.0 = Release|Any CPU
		{76B9778C-915B-4C5C-992D-88F5CEFD1842}.Debug|Any CPU.ActiveCfg = Debug|Any CPU
		{76B9778C-915B-4C5C-992D-88F5CEFD1842}.Debug|Any CPU.Build.0 = Debug|Any CPU
		{76B9778C-915B-4C5C-992D-88F5CEFD1842}.Release|Any CPU.ActiveCfg = Release|Any CPU
		{76B9778C-915B-4C5C-992D-88F5CEFD1842}.Release|Any CPU.Build.0 = Release|Any CPU
		{DF71A717-0799-4B82-9827-397D470B4730}.Debug|Any CPU.ActiveCfg = Debug|Any CPU
		{DF71A717-0799-4B82-9827-397D470B4730}.Debug|Any CPU.Build.0 = Debug|Any CPU
		{DF71A717-0799-4B82-9827-397D470B4730}.Release|Any CPU.ActiveCfg = Release|Any CPU
		{DF71A717-0799-4B82-9827-397D470B4730}.Release|Any CPU.Build.0 = Release|Any CPU
		{D6B0FEF3-C7E6-4318-8A37-24A65BFB0510}.Debug|Any CPU.ActiveCfg = Debug|Any CPU
		{D6B0FEF3-C7E6-4318-8A37-24A65BFB0510}.Debug|Any CPU.Build.0 = Debug|Any CPU
		{D6B0FEF3-C7E6-4318-8A37-24A65BFB0510}.Release|Any CPU.ActiveCfg = Release|Any CPU
		{D6B0FEF3-C7E6-4318-8A37-24A65BFB0510}.Release|Any CPU.Build.0 = Release|Any CPU
		{039A9A45-D7C7-4F5B-BA43-F4CDDE4B6E9B}.Debug|Any CPU.ActiveCfg = Debug|Any CPU
		{039A9A45-D7C7-4F5B-BA43-F4CDDE4B6E9B}.Debug|Any CPU.Build.0 = Debug|Any CPU
		{039A9A45-D7C7-4F5B-BA43-F4CDDE4B6E9B}.Release|Any CPU.ActiveCfg = Release|Any CPU
		{039A9A45-D7C7-4F5B-BA43-F4CDDE4B6E9B}.Release|Any CPU.Build.0 = Release|Any CPU
		{8A5F6099-D57D-4EEA-8959-9A02850143F5}.Debug|Any CPU.ActiveCfg = Debug|Any CPU
		{8A5F6099-D57D-4EEA-8959-9A02850143F5}.Debug|Any CPU.Build.0 = Debug|Any CPU
		{8A5F6099-D57D-4EEA-8959-9A02850143F5}.Release|Any CPU.ActiveCfg = Release|Any CPU
		{8A5F6099-D57D-4EEA-8959-9A02850143F5}.Release|Any CPU.Build.0 = Release|Any CPU
		{53054BDC-A1AB-4014-9691-31C3A7356262}.Debug|Any CPU.ActiveCfg = Debug|Any CPU
		{53054BDC-A1AB-4014-9691-31C3A7356262}.Debug|Any CPU.Build.0 = Debug|Any CPU
		{53054BDC-A1AB-4014-9691-31C3A7356262}.Release|Any CPU.ActiveCfg = Release|Any CPU
		{53054BDC-A1AB-4014-9691-31C3A7356262}.Release|Any CPU.Build.0 = Release|Any CPU
		{D23FC681-E685-479B-9433-6FEE585B5328}.Debug|Any CPU.ActiveCfg = Debug|Any CPU
		{D23FC681-E685-479B-9433-6FEE585B5328}.Debug|Any CPU.Build.0 = Debug|Any CPU
		{D23FC681-E685-479B-9433-6FEE585B5328}.Release|Any CPU.ActiveCfg = Release|Any CPU
		{D23FC681-E685-479B-9433-6FEE585B5328}.Release|Any CPU.Build.0 = Release|Any CPU
		{088EF7F3-DD63-44EB-9576-670D77F6DCE5}.Debug|Any CPU.ActiveCfg = Debug|Any CPU
		{088EF7F3-DD63-44EB-9576-670D77F6DCE5}.Debug|Any CPU.Build.0 = Debug|Any CPU
		{088EF7F3-DD63-44EB-9576-670D77F6DCE5}.Release|Any CPU.ActiveCfg = Release|Any CPU
		{088EF7F3-DD63-44EB-9576-670D77F6DCE5}.Release|Any CPU.Build.0 = Release|Any CPU
		{6FD8BD09-82B0-4D86-8CF9-5713F55F1E0A}.Debug|Any CPU.ActiveCfg = Debug|Any CPU
		{6FD8BD09-82B0-4D86-8CF9-5713F55F1E0A}.Debug|Any CPU.Build.0 = Debug|Any CPU
		{6FD8BD09-82B0-4D86-8CF9-5713F55F1E0A}.Release|Any CPU.ActiveCfg = Release|Any CPU
		{6FD8BD09-82B0-4D86-8CF9-5713F55F1E0A}.Release|Any CPU.Build.0 = Release|Any CPU
		{39195E9C-3899-4D49-BA2C-A8B1DEFD1469}.Debug|Any CPU.ActiveCfg = Debug|Any CPU
		{39195E9C-3899-4D49-BA2C-A8B1DEFD1469}.Debug|Any CPU.Build.0 = Debug|Any CPU
		{39195E9C-3899-4D49-BA2C-A8B1DEFD1469}.Release|Any CPU.ActiveCfg = Release|Any CPU
		{39195E9C-3899-4D49-BA2C-A8B1DEFD1469}.Release|Any CPU.Build.0 = Release|Any CPU
		{F510A041-1CE5-462F-AF38-8B5623C79F47}.Debug|Any CPU.ActiveCfg = Debug|Any CPU
		{F510A041-1CE5-462F-AF38-8B5623C79F47}.Debug|Any CPU.Build.0 = Debug|Any CPU
		{F510A041-1CE5-462F-AF38-8B5623C79F47}.Release|Any CPU.ActiveCfg = Release|Any CPU
		{F510A041-1CE5-462F-AF38-8B5623C79F47}.Release|Any CPU.Build.0 = Release|Any CPU
		{90DA3F78-8000-4923-B37D-D7B30724B3A7}.Debug|Any CPU.ActiveCfg = Debug|Any CPU
		{90DA3F78-8000-4923-B37D-D7B30724B3A7}.Debug|Any CPU.Build.0 = Debug|Any CPU
		{90DA3F78-8000-4923-B37D-D7B30724B3A7}.Release|Any CPU.ActiveCfg = Release|Any CPU
		{90DA3F78-8000-4923-B37D-D7B30724B3A7}.Release|Any CPU.Build.0 = Release|Any CPU
		{9BBED8A0-FAD5-482D-A455-CED2AA270C5C}.Debug|Any CPU.ActiveCfg = Debug|Any CPU
		{9BBED8A0-FAD5-482D-A455-CED2AA270C5C}.Debug|Any CPU.Build.0 = Debug|Any CPU
		{9BBED8A0-FAD5-482D-A455-CED2AA270C5C}.Release|Any CPU.ActiveCfg = Release|Any CPU
		{9BBED8A0-FAD5-482D-A455-CED2AA270C5C}.Release|Any CPU.Build.0 = Release|Any CPU
		{51403465-7073-4E4A-9F7B-398AFE233A88}.Debug|Any CPU.ActiveCfg = Debug|Any CPU
		{51403465-7073-4E4A-9F7B-398AFE233A88}.Debug|Any CPU.Build.0 = Debug|Any CPU
		{51403465-7073-4E4A-9F7B-398AFE233A88}.Release|Any CPU.ActiveCfg = Release|Any CPU
		{51403465-7073-4E4A-9F7B-398AFE233A88}.Release|Any CPU.Build.0 = Release|Any CPU
		{00C2CF4D-0AED-48FD-8026-18B5CE4794D1}.Debug|Any CPU.ActiveCfg = Debug|Any CPU
		{00C2CF4D-0AED-48FD-8026-18B5CE4794D1}.Debug|Any CPU.Build.0 = Debug|Any CPU
		{00C2CF4D-0AED-48FD-8026-18B5CE4794D1}.Release|Any CPU.ActiveCfg = Release|Any CPU
		{00C2CF4D-0AED-48FD-8026-18B5CE4794D1}.Release|Any CPU.Build.0 = Release|Any CPU
		{19AFE9F1-79BB-4599-A1A3-F39C9357AA5A}.Debug|Any CPU.ActiveCfg = Debug|Any CPU
		{19AFE9F1-79BB-4599-A1A3-F39C9357AA5A}.Debug|Any CPU.Build.0 = Debug|Any CPU
		{19AFE9F1-79BB-4599-A1A3-F39C9357AA5A}.Release|Any CPU.ActiveCfg = Release|Any CPU
		{19AFE9F1-79BB-4599-A1A3-F39C9357AA5A}.Release|Any CPU.Build.0 = Release|Any CPU
		{06BA24C6-B35D-45F4-AECA-C91BD6FA45B7}.Debug|Any CPU.ActiveCfg = Debug|Any CPU
		{06BA24C6-B35D-45F4-AECA-C91BD6FA45B7}.Debug|Any CPU.Build.0 = Debug|Any CPU
		{06BA24C6-B35D-45F4-AECA-C91BD6FA45B7}.Release|Any CPU.ActiveCfg = Release|Any CPU
		{06BA24C6-B35D-45F4-AECA-C91BD6FA45B7}.Release|Any CPU.Build.0 = Release|Any CPU
		{2CDA8042-92E7-449E-9DEE-7206EC3C53B6}.Debug|Any CPU.ActiveCfg = Debug|Any CPU
		{2CDA8042-92E7-449E-9DEE-7206EC3C53B6}.Debug|Any CPU.Build.0 = Debug|Any CPU
		{2CDA8042-92E7-449E-9DEE-7206EC3C53B6}.Release|Any CPU.ActiveCfg = Release|Any CPU
		{2CDA8042-92E7-449E-9DEE-7206EC3C53B6}.Release|Any CPU.Build.0 = Release|Any CPU
		{9D64947A-9C49-4A56-AA88-75023870C778}.Debug|Any CPU.ActiveCfg = Debug|Any CPU
		{9D64947A-9C49-4A56-AA88-75023870C778}.Debug|Any CPU.Build.0 = Debug|Any CPU
		{9D64947A-9C49-4A56-AA88-75023870C778}.Release|Any CPU.ActiveCfg = Release|Any CPU
		{9D64947A-9C49-4A56-AA88-75023870C778}.Release|Any CPU.Build.0 = Release|Any CPU
		{E0E44F06-A0E6-490A-8990-2DAE1936CB6F}.Debug|Any CPU.ActiveCfg = Debug|Any CPU
		{E0E44F06-A0E6-490A-8990-2DAE1936CB6F}.Debug|Any CPU.Build.0 = Debug|Any CPU
		{E0E44F06-A0E6-490A-8990-2DAE1936CB6F}.Release|Any CPU.ActiveCfg = Release|Any CPU
		{E0E44F06-A0E6-490A-8990-2DAE1936CB6F}.Release|Any CPU.Build.0 = Release|Any CPU
		{8EDC2FCF-9006-4101-8774-3CBDBA3BC390}.Debug|Any CPU.ActiveCfg = Debug|Any CPU
		{8EDC2FCF-9006-4101-8774-3CBDBA3BC390}.Debug|Any CPU.Build.0 = Debug|Any CPU
		{8EDC2FCF-9006-4101-8774-3CBDBA3BC390}.Release|Any CPU.ActiveCfg = Release|Any CPU
		{8EDC2FCF-9006-4101-8774-3CBDBA3BC390}.Release|Any CPU.Build.0 = Release|Any CPU
		{E29C19A9-6007-4422-BC18-B98AB263EA52}.Debug|Any CPU.ActiveCfg = Debug|Any CPU
		{E29C19A9-6007-4422-BC18-B98AB263EA52}.Debug|Any CPU.Build.0 = Debug|Any CPU
		{E29C19A9-6007-4422-BC18-B98AB263EA52}.Release|Any CPU.ActiveCfg = Release|Any CPU
		{E29C19A9-6007-4422-BC18-B98AB263EA52}.Release|Any CPU.Build.0 = Release|Any CPU
		{A4F09CD4-BD0B-461A-B22E-3548C51D841E}.Debug|Any CPU.ActiveCfg = Debug|Any CPU
		{A4F09CD4-BD0B-461A-B22E-3548C51D841E}.Debug|Any CPU.Build.0 = Debug|Any CPU
		{A4F09CD4-BD0B-461A-B22E-3548C51D841E}.Release|Any CPU.ActiveCfg = Release|Any CPU
		{A4F09CD4-BD0B-461A-B22E-3548C51D841E}.Release|Any CPU.Build.0 = Release|Any CPU
		{4A3FB16A-7868-45AE-8707-6983394EC868}.Debug|Any CPU.ActiveCfg = Debug|Any CPU
		{4A3FB16A-7868-45AE-8707-6983394EC868}.Debug|Any CPU.Build.0 = Debug|Any CPU
		{4A3FB16A-7868-45AE-8707-6983394EC868}.Release|Any CPU.ActiveCfg = Release|Any CPU
		{4A3FB16A-7868-45AE-8707-6983394EC868}.Release|Any CPU.Build.0 = Release|Any CPU
		{C382E56A-D457-4B51-A5A6-E328A09A8079}.Debug|Any CPU.ActiveCfg = Debug|Any CPU
		{C382E56A-D457-4B51-A5A6-E328A09A8079}.Debug|Any CPU.Build.0 = Debug|Any CPU
		{C382E56A-D457-4B51-A5A6-E328A09A8079}.Release|Any CPU.ActiveCfg = Release|Any CPU
		{C382E56A-D457-4B51-A5A6-E328A09A8079}.Release|Any CPU.Build.0 = Release|Any CPU
		{93FC8BD4-B3CC-423C-BB02-3D985E9DFF51}.Debug|Any CPU.ActiveCfg = Debug|Any CPU
		{93FC8BD4-B3CC-423C-BB02-3D985E9DFF51}.Debug|Any CPU.Build.0 = Debug|Any CPU
		{93FC8BD4-B3CC-423C-BB02-3D985E9DFF51}.Release|Any CPU.ActiveCfg = Release|Any CPU
		{93FC8BD4-B3CC-423C-BB02-3D985E9DFF51}.Release|Any CPU.Build.0 = Release|Any CPU
		{9C82B8F8-A87E-4246-8E77-2CCCB935057A}.Debug|Any CPU.ActiveCfg = Debug|Any CPU
		{9C82B8F8-A87E-4246-8E77-2CCCB935057A}.Debug|Any CPU.Build.0 = Debug|Any CPU
		{9C82B8F8-A87E-4246-8E77-2CCCB935057A}.Release|Any CPU.ActiveCfg = Release|Any CPU
		{9C82B8F8-A87E-4246-8E77-2CCCB935057A}.Release|Any CPU.Build.0 = Release|Any CPU
		{6451A400-810E-44D6-B3E2-C3D70707E788}.Debug|Any CPU.ActiveCfg = Debug|Any CPU
		{6451A400-810E-44D6-B3E2-C3D70707E788}.Debug|Any CPU.Build.0 = Debug|Any CPU
		{6451A400-810E-44D6-B3E2-C3D70707E788}.Release|Any CPU.ActiveCfg = Release|Any CPU
		{6451A400-810E-44D6-B3E2-C3D70707E788}.Release|Any CPU.Build.0 = Release|Any CPU
		{6234CF54-8088-4A34-9A8C-E27175A370D8}.Debug|Any CPU.ActiveCfg = Debug|Any CPU
		{6234CF54-8088-4A34-9A8C-E27175A370D8}.Debug|Any CPU.Build.0 = Debug|Any CPU
		{6234CF54-8088-4A34-9A8C-E27175A370D8}.Release|Any CPU.ActiveCfg = Release|Any CPU
		{6234CF54-8088-4A34-9A8C-E27175A370D8}.Release|Any CPU.Build.0 = Release|Any CPU
		{23DB4783-D6FB-4C2E-B774-EC8B47F73741}.Debug|Any CPU.ActiveCfg = Debug|Any CPU
		{23DB4783-D6FB-4C2E-B774-EC8B47F73741}.Debug|Any CPU.Build.0 = Debug|Any CPU
		{23DB4783-D6FB-4C2E-B774-EC8B47F73741}.Release|Any CPU.ActiveCfg = Release|Any CPU
		{23DB4783-D6FB-4C2E-B774-EC8B47F73741}.Release|Any CPU.Build.0 = Release|Any CPU
		{915EC04B-9CBE-4CC2-A3DC-EF2DFF751042}.Debug|Any CPU.ActiveCfg = Debug|Any CPU
		{915EC04B-9CBE-4CC2-A3DC-EF2DFF751042}.Debug|Any CPU.Build.0 = Debug|Any CPU
		{915EC04B-9CBE-4CC2-A3DC-EF2DFF751042}.Release|Any CPU.ActiveCfg = Release|Any CPU
		{915EC04B-9CBE-4CC2-A3DC-EF2DFF751042}.Release|Any CPU.Build.0 = Release|Any CPU
		{7ED1BB31-985C-4A3A-A269-6842B172CAFD}.Debug|Any CPU.ActiveCfg = Debug|Any CPU
		{7ED1BB31-985C-4A3A-A269-6842B172CAFD}.Debug|Any CPU.Build.0 = Debug|Any CPU
		{7ED1BB31-985C-4A3A-A269-6842B172CAFD}.Release|Any CPU.ActiveCfg = Release|Any CPU
		{7ED1BB31-985C-4A3A-A269-6842B172CAFD}.Release|Any CPU.Build.0 = Release|Any CPU
		{9685FD7D-7315-41E9-A964-8CD4DDEC2A4C}.Debug|Any CPU.ActiveCfg = Debug|Any CPU
		{9685FD7D-7315-41E9-A964-8CD4DDEC2A4C}.Debug|Any CPU.Build.0 = Debug|Any CPU
		{9685FD7D-7315-41E9-A964-8CD4DDEC2A4C}.Release|Any CPU.ActiveCfg = Release|Any CPU
		{9685FD7D-7315-41E9-A964-8CD4DDEC2A4C}.Release|Any CPU.Build.0 = Release|Any CPU
		{7E370EA3-419F-40F1-B563-1F924AFFC0B0}.Debug|Any CPU.ActiveCfg = Debug|Any CPU
		{7E370EA3-419F-40F1-B563-1F924AFFC0B0}.Debug|Any CPU.Build.0 = Debug|Any CPU
		{7E370EA3-419F-40F1-B563-1F924AFFC0B0}.Release|Any CPU.ActiveCfg = Release|Any CPU
		{7E370EA3-419F-40F1-B563-1F924AFFC0B0}.Release|Any CPU.Build.0 = Release|Any CPU
		{3D19EC89-8CE2-495E-9483-9386556DB3E4}.Debug|Any CPU.ActiveCfg = Debug|Any CPU
		{3D19EC89-8CE2-495E-9483-9386556DB3E4}.Debug|Any CPU.Build.0 = Debug|Any CPU
		{3D19EC89-8CE2-495E-9483-9386556DB3E4}.Release|Any CPU.ActiveCfg = Release|Any CPU
		{3D19EC89-8CE2-495E-9483-9386556DB3E4}.Release|Any CPU.Build.0 = Release|Any CPU
		{14561BB2-4F11-4B7C-9197-01CC78F371B3}.Debug|Any CPU.ActiveCfg = Debug|Any CPU
		{14561BB2-4F11-4B7C-9197-01CC78F371B3}.Debug|Any CPU.Build.0 = Debug|Any CPU
		{14561BB2-4F11-4B7C-9197-01CC78F371B3}.Release|Any CPU.ActiveCfg = Release|Any CPU
		{14561BB2-4F11-4B7C-9197-01CC78F371B3}.Release|Any CPU.Build.0 = Release|Any CPU
		{7C5688D6-83B0-47FA-B288-DDE9E8E52F49}.Debug|Any CPU.ActiveCfg = Debug|Any CPU
		{7C5688D6-83B0-47FA-B288-DDE9E8E52F49}.Debug|Any CPU.Build.0 = Debug|Any CPU
		{7C5688D6-83B0-47FA-B288-DDE9E8E52F49}.Release|Any CPU.ActiveCfg = Release|Any CPU
		{7C5688D6-83B0-47FA-B288-DDE9E8E52F49}.Release|Any CPU.Build.0 = Release|Any CPU
		{A13E29D6-70C7-4822-A866-E915EB6B2937}.Debug|Any CPU.ActiveCfg = Debug|Any CPU
		{A13E29D6-70C7-4822-A866-E915EB6B2937}.Debug|Any CPU.Build.0 = Debug|Any CPU
		{A13E29D6-70C7-4822-A866-E915EB6B2937}.Release|Any CPU.ActiveCfg = Release|Any CPU
		{A13E29D6-70C7-4822-A866-E915EB6B2937}.Release|Any CPU.Build.0 = Release|Any CPU
	EndGlobalSection
EndGlobal
