
Microsoft Visual Studio Solution File, Format Version 12.00
Project("{2150E333-8FDC-42A3-9474-1A3956D46DE8}") = "modules", "modules", "{79472554-9950-4B72-8B55-F32E46914B0B}"
EndProject
Project("{FAE04EC0-301F-11D3-BF4B-00C04F79EFBC}") = "RemTech.Bootstrap.Api", "modules\RemTech.Bootstrap.Api\RemTech.Bootstrap.Api.csproj", "{0F1953F7-2BA8-43CB-BAD2-F9432ADA45E3}"
EndProject
Project("{2150E333-8FDC-42A3-9474-1A3956D46DE8}") = "parsers_management", "parsers_management", "{6B8D6325-D3A6-4237-8582-31B031468D76}"
EndProject
Project("{2150E333-8FDC-42A3-9474-1A3956D46DE8}") = "tests", "tests", "{F39599E5-F4D6-4C39-937F-432FF82570F1}"
EndProject
Project("{FAE04EC0-301F-11D3-BF4B-00C04F79EFBC}") = "RemTech.ParsersManagement.Core", "modules\parsers_management\RemTech.ParsersManagement.Core\RemTech.ParsersManagement.Core.csproj", "{431EF708-1CA0-42E9-89C0-B3EA3A96D221}"
EndProject
Project("{FAE04EC0-301F-11D3-BF4B-00C04F79EFBC}") = "RemTech.Result.Library", "modules\shared_module\RemTech.Result.Library\RemTech.Result.Library.csproj", "{9653AB33-8AC4-4802-8DED-772757139F19}"
EndProject
Project("{2150E333-8FDC-42A3-9474-1A3956D46DE8}") = "shared_module", "shared_module", "{6F5C9BC2-2F61-40A4-B372-CCE7AA12358D}"
EndProject
Project("{2150E333-8FDC-42A3-9474-1A3956D46DE8}") = "adapters", "adapters", "{9CC867B9-EB5E-4F06-818F-3603DAF8F043}"
EndProject
Project("{2150E333-8FDC-42A3-9474-1A3956D46DE8}") = "adapters", "adapters", "{D8A8CDCA-3A8D-48EE-ABEF-D4DBABEEE2F5}"
EndProject
Project("{FAE04EC0-301F-11D3-BF4B-00C04F79EFBC}") = "RemTech.Logging.Adapter", "modules\shared_module\adapters\RemTech.Logging.Adapter\RemTech.Logging.Adapter.csproj", "{E1E8F32E-7A17-43D1-A1FC-8535F90A56B0}"
EndProject
Project("{FAE04EC0-301F-11D3-BF4B-00C04F79EFBC}") = "RemTech.ParsersManagement.Core.Tests", "modules\parsers_management\tests\RemTech.ParsersManagement.Core.Tests\RemTech.ParsersManagement.Core.Tests.csproj", "{459D0739-FAE5-40DF-AF9C-15257A36F339}"
EndProject
Project("{FAE04EC0-301F-11D3-BF4B-00C04F79EFBC}") = "RemTech.ParsersManagement.DataSource.Adapter", "modules\parsers_management\adapters\RemTech.ParsersManagement.DataSource.Adapter\RemTech.ParsersManagement.DataSource.Adapter.csproj", "{B1DC7FF9-EF09-4C5B-89FA-FAD7B736717D}"
EndProject
Project("{FAE04EC0-301F-11D3-BF4B-00C04F79EFBC}") = "RemTech.ParsersManagement.Tests.Library", "modules\parsers_management\tests\RemTech.ParsersManagement.Tests.Library\RemTech.ParsersManagement.Tests.Library.csproj", "{5DDBDFC8-10CE-4CF3-ABA4-5933B35C5EB3}"
EndProject
Project("{FAE04EC0-301F-11D3-BF4B-00C04F79EFBC}") = "RemTech.ParsersManagement.DataAccess.Adapter.Tests", "modules\parsers_management\tests\RemTech.ParsersManagement.DataAccess.Adapter.Tests\RemTech.ParsersManagement.DataAccess.Adapter.Tests.csproj", "{A2CE59F8-CB3A-4391-8111-98560C8FB1D7}"
EndProject
Project("{FAE04EC0-301F-11D3-BF4B-00C04F79EFBC}") = "RemTech.ParsersManagement.Cache.Adapter.Tests", "modules\parsers_management\tests\RemTech.ParsersManagement.Cache.Adapter.Tests\RemTech.ParsersManagement.Cache.Adapter.Tests.csproj", "{29C8F3F6-CFAA-401E-B921-35185A17245C}"
EndProject
Project("{FAE04EC0-301F-11D3-BF4B-00C04F79EFBC}") = "RemTech.ParserManagement.Cache.Adapter", "modules\parsers_management\adapters\RemTech.ParserManagement.Cache.Adapter\RemTech.ParserManagement.Cache.Adapter.csproj", "{E543E4A9-3047-4E5C-80CC-415AEDC2C3C6}"
EndProject
Project("{FAE04EC0-301F-11D3-BF4B-00C04F79EFBC}") = "RemTech.Json.Library", "modules\shared_module\RemTech.Json.Library\RemTech.Json.Library.csproj", "{A844B68A-8C2D-4567-8A31-EA142AEC8CB0}"
EndProject
Project("{FAE04EC0-301F-11D3-BF4B-00C04F79EFBC}") = "RemTech.Core.Shared", "modules\shared_module\RemTech.Core.Shared\RemTech.Core.Shared.csproj", "{36D17E5E-053E-4A1F-BE36-A3ACAC9CCF32}"
EndProject
Project("{2150E333-8FDC-42A3-9474-1A3956D46DE8}") = "parsed_advertisements", "parsed_advertisements", "{E099BD53-3575-4FAB-8048-FEBEBBB81ECB}"
EndProject
Project("{FAE04EC0-301F-11D3-BF4B-00C04F79EFBC}") = "RemTech.ParsedAdvertisements.Core", "modules\parsed_advertisements\RemTech.ParsedAdvertisements.Core\RemTech.ParsedAdvertisements.Core.csproj", "{841081F2-8939-4059-B298-046EABCC2A04}"
EndProject
Project("{FAE04EC0-301F-11D3-BF4B-00C04F79EFBC}") = "RemTech.ParsersManagement.External", "modules\parsers_management\RemTech.ParsersManagement.External\RemTech.ParsersManagement.External.csproj", "{CCA51931-3C9A-4CB7-BC43-952BF39B4EA3}"
EndProject
Project("{FAE04EC0-301F-11D3-BF4B-00C04F79EFBC}") = "RemTech.Postgres.Adapter.Library", "modules\shared_module\adapters\RemTech.Postgres.Adapter.Library\RemTech.Postgres.Adapter.Library.csproj", "{C7FFAB88-617B-4DAE-A4D7-3E5A53FBBEC7}"
EndProject
Project("{2150E333-8FDC-42A3-9474-1A3956D46DE8}") = "tests", "tests", "{23BEBB73-45F0-42B3-8CF8-187E93CABA87}"
EndProject
Project("{FAE04EC0-301F-11D3-BF4B-00C04F79EFBC}") = "RemTech.ParsedAdvertisements.Core.Tests", "modules\parsed_advertisements\tests\RemTech.ParsedAdvertisements.Core.Tests\RemTech.ParsedAdvertisements.Core.Tests.csproj", "{AD9346FD-7F8C-47BE-8D85-FE7046AE4526}"
EndProject
Project("{2150E333-8FDC-42A3-9474-1A3956D46DE8}") = "parsing_services", "parsing_services", "{33ED6847-9F92-420E-AA37-D7EB229DB765}"
EndProject
Project("{2150E333-8FDC-42A3-9474-1A3956D46DE8}") = "vehicle_parsing", "vehicle_parsing", "{5C612390-D5EF-443F-9E9F-2406DCFD732C}"
EndProject
Project("{2150E333-8FDC-42A3-9474-1A3956D46DE8}") = "spare_parsing", "spare_parsing", "{073A917A-9813-44E9-B0F5-B1FB9CBCB57A}"
EndProject
Project("{2150E333-8FDC-42A3-9474-1A3956D46DE8}") = "common", "common", "{B98D490E-E1FC-4672-BF66-B9A5234C6DE1}"
EndProject
Project("{FAE04EC0-301F-11D3-BF4B-00C04F79EFBC}") = "Parsing.SDK", "parsing_services\common\Parsing.SDK\Parsing.SDK.csproj", "{76B9778C-915B-4C5C-992D-88F5CEFD1842}"
EndProject
Project("{FAE04EC0-301F-11D3-BF4B-00C04F79EFBC}") = "Parsing.Vehicles.Common", "parsing_services\vehicle_parsing\Parsing.Vehicles.Common\Parsing.Vehicles.Common.csproj", "{DF71A717-0799-4B82-9827-397D470B4730}"
EndProject
Project("{2150E333-8FDC-42A3-9474-1A3956D46DE8}") = "avito_vehicles", "avito_vehicles", "{7274B1A0-8FA0-4C96-9F33-D4DC4A512C06}"
EndProject
Project("{FAE04EC0-301F-11D3-BF4B-00C04F79EFBC}") = "Avito.Parsing.Vehicles", "parsing_services\vehicle_parsing\avito_vehicles\Avito.Parsing.Vehicles\Avito.Parsing.Vehicles.csproj", "{A5387533-31E3-4472-A30F-162AE5446EC2}"
EndProject
Project("{FAE04EC0-301F-11D3-BF4B-00C04F79EFBC}") = "Avito.Parsing.Vehicles.Tests", "parsing_services\vehicle_parsing\avito_vehicles\Avito.Parsing.Vehicles.Tests\Avito.Parsing.Vehicles.Tests.csproj", "{D6B0FEF3-C7E6-4318-8A37-24A65BFB0510}"
EndProject
Project("{2150E333-8FDC-42A3-9474-1A3956D46DE8}") = "common_avito", "common_avito", "{8F03D7E1-539A-40BD-977E-D85A243D3A0F}"
EndProject
Project("{FAE04EC0-301F-11D3-BF4B-00C04F79EFBC}") = "Parsing.Avito.Common", "parsing_services\common\common_avito\Parsing.Avito.Common\Parsing.Avito.Common.csproj", "{039A9A45-D7C7-4F5B-BA43-F4CDDE4B6E9B}"
EndProject
Project("{FAE04EC0-301F-11D3-BF4B-00C04F79EFBC}") = "Parsing.Vehicles.Grpc.Recognition", "parsing_services\vehicle_parsing\Parsing.Vehicles.Grpc.Recognition\Parsing.Vehicles.Grpc.Recognition.csproj", "{07EC2AF8-B9D9-4728-BAE4-3212D15AB32C}"
EndProject
Project("{FAE04EC0-301F-11D3-BF4B-00C04F79EFBC}") = "Parsing.Vehicles.DbSearch", "parsing_services\vehicle_parsing\Parsing.Vehicles.DbSearch\Parsing.Vehicles.DbSearch.csproj", "{82F82399-E16C-4735-A6BB-2B7FD6672281}"
EndProject
Project("{FAE04EC0-301F-11D3-BF4B-00C04F79EFBC}") = "RemTech.Configuration.Library", "modules\shared_module\RemTech.Configuration.Library\RemTech.Configuration.Library.csproj", "{9530E9EB-43B1-4820-AAC2-35F7A2457AF3}"
EndProject
Project("{FAE04EC0-301F-11D3-BF4B-00C04F79EFBC}") = "RemTech.RabbitMq.Adapter", "modules\shared_module\adapters\RemTech.RabbitMq.Adapter\RemTech.RabbitMq.Adapter.csproj", "{E265C631-08D5-4930-A671-D56613240550}"
EndProject
Project("{FAE04EC0-301F-11D3-BF4B-00C04F79EFBC}") = "RemTech.DependencyInjection.Library", "modules\shared_module\adapters\RemTech.DependencyInjection.Library\RemTech.DependencyInjection.Library.csproj", "{F570FC87-EB52-4238-9887-0D5F15C57EB2}"
EndProject
Project("{FAE04EC0-301F-11D3-BF4B-00C04F79EFBC}") = "RemTech.Endpoints.Adapter", "modules\shared_module\adapters\RemTech.Endpoints.Adapter\RemTech.Endpoints.Adapter.csproj", "{48C0FDF4-5235-4973-85AB-8BA2CC893E69}"
EndProject
Project("{2150E333-8FDC-42A3-9474-1A3956D46DE8}") = "shared_kernel_modules", "shared_kernel_modules", "{F257E012-BAB4-4AB7-AB5D-E6A19BB2C8CE}"
EndProject
Global
	GlobalSection(SolutionConfigurationPlatforms) = preSolution
		Debug|Any CPU = Debug|Any CPU
		Release|Any CPU = Release|Any CPU
	EndGlobalSection
	GlobalSection(NestedProjects) = preSolution
		{0F1953F7-2BA8-43CB-BAD2-F9432ADA45E3} = {79472554-9950-4B72-8B55-F32E46914B0B}
		{6B8D6325-D3A6-4237-8582-31B031468D76} = {79472554-9950-4B72-8B55-F32E46914B0B}
		{F39599E5-F4D6-4C39-937F-432FF82570F1} = {6B8D6325-D3A6-4237-8582-31B031468D76}
		{431EF708-1CA0-42E9-89C0-B3EA3A96D221} = {6B8D6325-D3A6-4237-8582-31B031468D76}
		{6F5C9BC2-2F61-40A4-B372-CCE7AA12358D} = {79472554-9950-4B72-8B55-F32E46914B0B}
		{9653AB33-8AC4-4802-8DED-772757139F19} = {6F5C9BC2-2F61-40A4-B372-CCE7AA12358D}
		{9CC867B9-EB5E-4F06-818F-3603DAF8F043} = {6B8D6325-D3A6-4237-8582-31B031468D76}
		{D8A8CDCA-3A8D-48EE-ABEF-D4DBABEEE2F5} = {6F5C9BC2-2F61-40A4-B372-CCE7AA12358D}
		{E1E8F32E-7A17-43D1-A1FC-8535F90A56B0} = {D8A8CDCA-3A8D-48EE-ABEF-D4DBABEEE2F5}
		{459D0739-FAE5-40DF-AF9C-15257A36F339} = {F39599E5-F4D6-4C39-937F-432FF82570F1}
		{B1DC7FF9-EF09-4C5B-89FA-FAD7B736717D} = {9CC867B9-EB5E-4F06-818F-3603DAF8F043}
		{5DDBDFC8-10CE-4CF3-ABA4-5933B35C5EB3} = {F39599E5-F4D6-4C39-937F-432FF82570F1}
		{A2CE59F8-CB3A-4391-8111-98560C8FB1D7} = {F39599E5-F4D6-4C39-937F-432FF82570F1}
		{29C8F3F6-CFAA-401E-B921-35185A17245C} = {F39599E5-F4D6-4C39-937F-432FF82570F1}
		{E543E4A9-3047-4E5C-80CC-415AEDC2C3C6} = {9CC867B9-EB5E-4F06-818F-3603DAF8F043}
		{A844B68A-8C2D-4567-8A31-EA142AEC8CB0} = {6F5C9BC2-2F61-40A4-B372-CCE7AA12358D}
		{36D17E5E-053E-4A1F-BE36-A3ACAC9CCF32} = {6F5C9BC2-2F61-40A4-B372-CCE7AA12358D}
		{E099BD53-3575-4FAB-8048-FEBEBBB81ECB} = {79472554-9950-4B72-8B55-F32E46914B0B}
		{841081F2-8939-4059-B298-046EABCC2A04} = {E099BD53-3575-4FAB-8048-FEBEBBB81ECB}
		{CCA51931-3C9A-4CB7-BC43-952BF39B4EA3} = {6B8D6325-D3A6-4237-8582-31B031468D76}
		{C7FFAB88-617B-4DAE-A4D7-3E5A53FBBEC7} = {D8A8CDCA-3A8D-48EE-ABEF-D4DBABEEE2F5}
		{23BEBB73-45F0-42B3-8CF8-187E93CABA87} = {E099BD53-3575-4FAB-8048-FEBEBBB81ECB}
		{AD9346FD-7F8C-47BE-8D85-FE7046AE4526} = {23BEBB73-45F0-42B3-8CF8-187E93CABA87}
		{5C612390-D5EF-443F-9E9F-2406DCFD732C} = {33ED6847-9F92-420E-AA37-D7EB229DB765}
		{073A917A-9813-44E9-B0F5-B1FB9CBCB57A} = {33ED6847-9F92-420E-AA37-D7EB229DB765}
		{B98D490E-E1FC-4672-BF66-B9A5234C6DE1} = {33ED6847-9F92-420E-AA37-D7EB229DB765}
		{76B9778C-915B-4C5C-992D-88F5CEFD1842} = {B98D490E-E1FC-4672-BF66-B9A5234C6DE1}
		{DF71A717-0799-4B82-9827-397D470B4730} = {5C612390-D5EF-443F-9E9F-2406DCFD732C}
		{7274B1A0-8FA0-4C96-9F33-D4DC4A512C06} = {5C612390-D5EF-443F-9E9F-2406DCFD732C}
		{A5387533-31E3-4472-A30F-162AE5446EC2} = {7274B1A0-8FA0-4C96-9F33-D4DC4A512C06}
		{D6B0FEF3-C7E6-4318-8A37-24A65BFB0510} = {7274B1A0-8FA0-4C96-9F33-D4DC4A512C06}
		{8F03D7E1-539A-40BD-977E-D85A243D3A0F} = {B98D490E-E1FC-4672-BF66-B9A5234C6DE1}
		{039A9A45-D7C7-4F5B-BA43-F4CDDE4B6E9B} = {8F03D7E1-539A-40BD-977E-D85A243D3A0F}
		{07EC2AF8-B9D9-4728-BAE4-3212D15AB32C} = {5C612390-D5EF-443F-9E9F-2406DCFD732C}
		{82F82399-E16C-4735-A6BB-2B7FD6672281} = {5C612390-D5EF-443F-9E9F-2406DCFD732C}
		{9530E9EB-43B1-4820-AAC2-35F7A2457AF3} = {6F5C9BC2-2F61-40A4-B372-CCE7AA12358D}
		{E265C631-08D5-4930-A671-D56613240550} = {D8A8CDCA-3A8D-48EE-ABEF-D4DBABEEE2F5}
		{F570FC87-EB52-4238-9887-0D5F15C57EB2} = {6F5C9BC2-2F61-40A4-B372-CCE7AA12358D}
		{48C0FDF4-5235-4973-85AB-8BA2CC893E69} = {D8A8CDCA-3A8D-48EE-ABEF-D4DBABEEE2F5}
		{F257E012-BAB4-4AB7-AB5D-E6A19BB2C8CE} = {6F5C9BC2-2F61-40A4-B372-CCE7AA12358D}
	EndGlobalSection
	GlobalSection(ProjectConfigurationPlatforms) = postSolution
		{0F1953F7-2BA8-43CB-BAD2-F9432ADA45E3}.Debug|Any CPU.ActiveCfg = Debug|Any CPU
		{0F1953F7-2BA8-43CB-BAD2-F9432ADA45E3}.Debug|Any CPU.Build.0 = Debug|Any CPU
		{0F1953F7-2BA8-43CB-BAD2-F9432ADA45E3}.Release|Any CPU.ActiveCfg = Release|Any CPU
		{0F1953F7-2BA8-43CB-BAD2-F9432ADA45E3}.Release|Any CPU.Build.0 = Release|Any CPU
		{431EF708-1CA0-42E9-89C0-B3EA3A96D221}.Debug|Any CPU.ActiveCfg = Debug|Any CPU
		{431EF708-1CA0-42E9-89C0-B3EA3A96D221}.Debug|Any CPU.Build.0 = Debug|Any CPU
		{431EF708-1CA0-42E9-89C0-B3EA3A96D221}.Release|Any CPU.ActiveCfg = Release|Any CPU
		{431EF708-1CA0-42E9-89C0-B3EA3A96D221}.Release|Any CPU.Build.0 = Release|Any CPU
		{9653AB33-8AC4-4802-8DED-772757139F19}.Debug|Any CPU.ActiveCfg = Debug|Any CPU
		{9653AB33-8AC4-4802-8DED-772757139F19}.Debug|Any CPU.Build.0 = Debug|Any CPU
		{9653AB33-8AC4-4802-8DED-772757139F19}.Release|Any CPU.ActiveCfg = Release|Any CPU
		{9653AB33-8AC4-4802-8DED-772757139F19}.Release|Any CPU.Build.0 = Release|Any CPU
		{E1E8F32E-7A17-43D1-A1FC-8535F90A56B0}.Debug|Any CPU.ActiveCfg = Debug|Any CPU
		{E1E8F32E-7A17-43D1-A1FC-8535F90A56B0}.Debug|Any CPU.Build.0 = Debug|Any CPU
		{E1E8F32E-7A17-43D1-A1FC-8535F90A56B0}.Release|Any CPU.ActiveCfg = Release|Any CPU
		{E1E8F32E-7A17-43D1-A1FC-8535F90A56B0}.Release|Any CPU.Build.0 = Release|Any CPU
		{459D0739-FAE5-40DF-AF9C-15257A36F339}.Debug|Any CPU.ActiveCfg = Debug|Any CPU
		{459D0739-FAE5-40DF-AF9C-15257A36F339}.Debug|Any CPU.Build.0 = Debug|Any CPU
		{459D0739-FAE5-40DF-AF9C-15257A36F339}.Release|Any CPU.ActiveCfg = Release|Any CPU
		{459D0739-FAE5-40DF-AF9C-15257A36F339}.Release|Any CPU.Build.0 = Release|Any CPU
		{B1DC7FF9-EF09-4C5B-89FA-FAD7B736717D}.Debug|Any CPU.ActiveCfg = Debug|Any CPU
		{B1DC7FF9-EF09-4C5B-89FA-FAD7B736717D}.Debug|Any CPU.Build.0 = Debug|Any CPU
		{B1DC7FF9-EF09-4C5B-89FA-FAD7B736717D}.Release|Any CPU.ActiveCfg = Release|Any CPU
		{B1DC7FF9-EF09-4C5B-89FA-FAD7B736717D}.Release|Any CPU.Build.0 = Release|Any CPU
		{5DDBDFC8-10CE-4CF3-ABA4-5933B35C5EB3}.Debug|Any CPU.ActiveCfg = Debug|Any CPU
		{5DDBDFC8-10CE-4CF3-ABA4-5933B35C5EB3}.Debug|Any CPU.Build.0 = Debug|Any CPU
		{5DDBDFC8-10CE-4CF3-ABA4-5933B35C5EB3}.Release|Any CPU.ActiveCfg = Release|Any CPU
		{5DDBDFC8-10CE-4CF3-ABA4-5933B35C5EB3}.Release|Any CPU.Build.0 = Release|Any CPU
		{A2CE59F8-CB3A-4391-8111-98560C8FB1D7}.Debug|Any CPU.ActiveCfg = Debug|Any CPU
		{A2CE59F8-CB3A-4391-8111-98560C8FB1D7}.Debug|Any CPU.Build.0 = Debug|Any CPU
		{A2CE59F8-CB3A-4391-8111-98560C8FB1D7}.Release|Any CPU.ActiveCfg = Release|Any CPU
		{A2CE59F8-CB3A-4391-8111-98560C8FB1D7}.Release|Any CPU.Build.0 = Release|Any CPU
		{29C8F3F6-CFAA-401E-B921-35185A17245C}.Debug|Any CPU.ActiveCfg = Debug|Any CPU
		{29C8F3F6-CFAA-401E-B921-35185A17245C}.Debug|Any CPU.Build.0 = Debug|Any CPU
		{29C8F3F6-CFAA-401E-B921-35185A17245C}.Release|Any CPU.ActiveCfg = Release|Any CPU
		{29C8F3F6-CFAA-401E-B921-35185A17245C}.Release|Any CPU.Build.0 = Release|Any CPU
		{E543E4A9-3047-4E5C-80CC-415AEDC2C3C6}.Debug|Any CPU.ActiveCfg = Debug|Any CPU
		{E543E4A9-3047-4E5C-80CC-415AEDC2C3C6}.Debug|Any CPU.Build.0 = Debug|Any CPU
		{E543E4A9-3047-4E5C-80CC-415AEDC2C3C6}.Release|Any CPU.ActiveCfg = Release|Any CPU
		{E543E4A9-3047-4E5C-80CC-415AEDC2C3C6}.Release|Any CPU.Build.0 = Release|Any CPU
		{A844B68A-8C2D-4567-8A31-EA142AEC8CB0}.Debug|Any CPU.ActiveCfg = Debug|Any CPU
		{A844B68A-8C2D-4567-8A31-EA142AEC8CB0}.Debug|Any CPU.Build.0 = Debug|Any CPU
		{A844B68A-8C2D-4567-8A31-EA142AEC8CB0}.Release|Any CPU.ActiveCfg = Release|Any CPU
		{A844B68A-8C2D-4567-8A31-EA142AEC8CB0}.Release|Any CPU.Build.0 = Release|Any CPU
		{36D17E5E-053E-4A1F-BE36-A3ACAC9CCF32}.Debug|Any CPU.ActiveCfg = Debug|Any CPU
		{36D17E5E-053E-4A1F-BE36-A3ACAC9CCF32}.Debug|Any CPU.Build.0 = Debug|Any CPU
		{36D17E5E-053E-4A1F-BE36-A3ACAC9CCF32}.Release|Any CPU.ActiveCfg = Release|Any CPU
		{36D17E5E-053E-4A1F-BE36-A3ACAC9CCF32}.Release|Any CPU.Build.0 = Release|Any CPU
		{841081F2-8939-4059-B298-046EABCC2A04}.Debug|Any CPU.ActiveCfg = Debug|Any CPU
		{841081F2-8939-4059-B298-046EABCC2A04}.Debug|Any CPU.Build.0 = Debug|Any CPU
		{841081F2-8939-4059-B298-046EABCC2A04}.Release|Any CPU.ActiveCfg = Release|Any CPU
		{841081F2-8939-4059-B298-046EABCC2A04}.Release|Any CPU.Build.0 = Release|Any CPU
		{CCA51931-3C9A-4CB7-BC43-952BF39B4EA3}.Debug|Any CPU.ActiveCfg = Debug|Any CPU
		{CCA51931-3C9A-4CB7-BC43-952BF39B4EA3}.Debug|Any CPU.Build.0 = Debug|Any CPU
		{CCA51931-3C9A-4CB7-BC43-952BF39B4EA3}.Release|Any CPU.ActiveCfg = Release|Any CPU
		{CCA51931-3C9A-4CB7-BC43-952BF39B4EA3}.Release|Any CPU.Build.0 = Release|Any CPU
		{C7FFAB88-617B-4DAE-A4D7-3E5A53FBBEC7}.Debug|Any CPU.ActiveCfg = Debug|Any CPU
		{C7FFAB88-617B-4DAE-A4D7-3E5A53FBBEC7}.Debug|Any CPU.Build.0 = Debug|Any CPU
		{C7FFAB88-617B-4DAE-A4D7-3E5A53FBBEC7}.Release|Any CPU.ActiveCfg = Release|Any CPU
		{C7FFAB88-617B-4DAE-A4D7-3E5A53FBBEC7}.Release|Any CPU.Build.0 = Release|Any CPU
		{AD9346FD-7F8C-47BE-8D85-FE7046AE4526}.Debug|Any CPU.ActiveCfg = Debug|Any CPU
		{AD9346FD-7F8C-47BE-8D85-FE7046AE4526}.Debug|Any CPU.Build.0 = Debug|Any CPU
		{AD9346FD-7F8C-47BE-8D85-FE7046AE4526}.Release|Any CPU.ActiveCfg = Release|Any CPU
		{AD9346FD-7F8C-47BE-8D85-FE7046AE4526}.Release|Any CPU.Build.0 = Release|Any CPU
		{76B9778C-915B-4C5C-992D-88F5CEFD1842}.Debug|Any CPU.ActiveCfg = Debug|Any CPU
		{76B9778C-915B-4C5C-992D-88F5CEFD1842}.Debug|Any CPU.Build.0 = Debug|Any CPU
		{76B9778C-915B-4C5C-992D-88F5CEFD1842}.Release|Any CPU.ActiveCfg = Release|Any CPU
		{76B9778C-915B-4C5C-992D-88F5CEFD1842}.Release|Any CPU.Build.0 = Release|Any CPU
		{DF71A717-0799-4B82-9827-397D470B4730}.Debug|Any CPU.ActiveCfg = Debug|Any CPU
		{DF71A717-0799-4B82-9827-397D470B4730}.Debug|Any CPU.Build.0 = Debug|Any CPU
		{DF71A717-0799-4B82-9827-397D470B4730}.Release|Any CPU.ActiveCfg = Release|Any CPU
		{DF71A717-0799-4B82-9827-397D470B4730}.Release|Any CPU.Build.0 = Release|Any CPU
		{A5387533-31E3-4472-A30F-162AE5446EC2}.Debug|Any CPU.ActiveCfg = Debug|Any CPU
		{A5387533-31E3-4472-A30F-162AE5446EC2}.Debug|Any CPU.Build.0 = Debug|Any CPU
		{A5387533-31E3-4472-A30F-162AE5446EC2}.Release|Any CPU.ActiveCfg = Release|Any CPU
		{A5387533-31E3-4472-A30F-162AE5446EC2}.Release|Any CPU.Build.0 = Release|Any CPU
		{D6B0FEF3-C7E6-4318-8A37-24A65BFB0510}.Debug|Any CPU.ActiveCfg = Debug|Any CPU
		{D6B0FEF3-C7E6-4318-8A37-24A65BFB0510}.Debug|Any CPU.Build.0 = Debug|Any CPU
		{D6B0FEF3-C7E6-4318-8A37-24A65BFB0510}.Release|Any CPU.ActiveCfg = Release|Any CPU
		{D6B0FEF3-C7E6-4318-8A37-24A65BFB0510}.Release|Any CPU.Build.0 = Release|Any CPU
		{039A9A45-D7C7-4F5B-BA43-F4CDDE4B6E9B}.Debug|Any CPU.ActiveCfg = Debug|Any CPU
		{039A9A45-D7C7-4F5B-BA43-F4CDDE4B6E9B}.Debug|Any CPU.Build.0 = Debug|Any CPU
		{039A9A45-D7C7-4F5B-BA43-F4CDDE4B6E9B}.Release|Any CPU.ActiveCfg = Release|Any CPU
		{039A9A45-D7C7-4F5B-BA43-F4CDDE4B6E9B}.Release|Any CPU.Build.0 = Release|Any CPU
		{07EC2AF8-B9D9-4728-BAE4-3212D15AB32C}.Debug|Any CPU.ActiveCfg = Debug|Any CPU
		{07EC2AF8-B9D9-4728-BAE4-3212D15AB32C}.Debug|Any CPU.Build.0 = Debug|Any CPU
		{07EC2AF8-B9D9-4728-BAE4-3212D15AB32C}.Release|Any CPU.ActiveCfg = Release|Any CPU
		{07EC2AF8-B9D9-4728-BAE4-3212D15AB32C}.Release|Any CPU.Build.0 = Release|Any CPU
		{82F82399-E16C-4735-A6BB-2B7FD6672281}.Debug|Any CPU.ActiveCfg = Debug|Any CPU
		{82F82399-E16C-4735-A6BB-2B7FD6672281}.Debug|Any CPU.Build.0 = Debug|Any CPU
		{82F82399-E16C-4735-A6BB-2B7FD6672281}.Release|Any CPU.ActiveCfg = Release|Any CPU
		{82F82399-E16C-4735-A6BB-2B7FD6672281}.Release|Any CPU.Build.0 = Release|Any CPU
		{9530E9EB-43B1-4820-AAC2-35F7A2457AF3}.Debug|Any CPU.ActiveCfg = Debug|Any CPU
		{9530E9EB-43B1-4820-AAC2-35F7A2457AF3}.Debug|Any CPU.Build.0 = Debug|Any CPU
		{9530E9EB-43B1-4820-AAC2-35F7A2457AF3}.Release|Any CPU.ActiveCfg = Release|Any CPU
		{9530E9EB-43B1-4820-AAC2-35F7A2457AF3}.Release|Any CPU.Build.0 = Release|Any CPU
		{E265C631-08D5-4930-A671-D56613240550}.Debug|Any CPU.ActiveCfg = Debug|Any CPU
		{E265C631-08D5-4930-A671-D56613240550}.Debug|Any CPU.Build.0 = Debug|Any CPU
		{E265C631-08D5-4930-A671-D56613240550}.Release|Any CPU.ActiveCfg = Release|Any CPU
		{E265C631-08D5-4930-A671-D56613240550}.Release|Any CPU.Build.0 = Release|Any CPU
		{F570FC87-EB52-4238-9887-0D5F15C57EB2}.Debug|Any CPU.ActiveCfg = Debug|Any CPU
		{F570FC87-EB52-4238-9887-0D5F15C57EB2}.Debug|Any CPU.Build.0 = Debug|Any CPU
		{F570FC87-EB52-4238-9887-0D5F15C57EB2}.Release|Any CPU.ActiveCfg = Release|Any CPU
		{F570FC87-EB52-4238-9887-0D5F15C57EB2}.Release|Any CPU.Build.0 = Release|Any CPU
		{48C0FDF4-5235-4973-85AB-8BA2CC893E69}.Debug|Any CPU.ActiveCfg = Debug|Any CPU
		{48C0FDF4-5235-4973-85AB-8BA2CC893E69}.Debug|Any CPU.Build.0 = Debug|Any CPU
		{48C0FDF4-5235-4973-85AB-8BA2CC893E69}.Release|Any CPU.ActiveCfg = Release|Any CPU
		{48C0FDF4-5235-4973-85AB-8BA2CC893E69}.Release|Any CPU.Build.0 = Release|Any CPU
	EndGlobalSection
EndGlobal
