
Microsoft Visual Studio Solution File, Format Version 12.00
Project("{2150E333-8FDC-42A3-9474-1A3956D46DE8}") = "modules", "modules", "{79472554-9950-4B72-8B55-F32E46914B0B}"
EndProject
Project("{FAE04EC0-301F-11D3-BF4B-00C04F79EFBC}") = "RemTech.Bootstrap.Api", "modules\RemTech.Bootstrap.Api\RemTech.Bootstrap.Api.csproj", "{0F1953F7-2BA8-43CB-BAD2-F9432ADA45E3}"
EndProject
Project("{2150E333-8FDC-42A3-9474-1A3956D46DE8}") = "shared_module", "shared_module", "{6F5C9BC2-2F61-40A4-B372-CCE7AA12358D}"
EndProject
Project("{FAE04EC0-301F-11D3-BF4B-00C04F79EFBC}") = "RemTech.Core.Shared", "modules\shared_module\RemTech.Core.Shared\RemTech.Core.Shared.csproj", "{36D17E5E-053E-4A1F-BE36-A3ACAC9CCF32}"
EndProject
Project("{2150E333-8FDC-42A3-9474-1A3956D46DE8}") = "parsed_advertisements", "parsed_advertisements", "{E099BD53-3575-4FAB-8048-FEBEBBB81ECB}"
EndProject
Project("{FAE04EC0-301F-11D3-BF4B-00C04F79EFBC}") = "RemTech.Vehicles.Module", "modules\parsed_advertisements\RemTech.Vehicles.Module\RemTech.Vehicles.Module.csproj", "{841081F2-8939-4059-B298-046EABCC2A04}"
EndProject
Project("{2150E333-8FDC-42A3-9474-1A3956D46DE8}") = "users", "users", "{977FB8B6-5149-48B1-B4FE-A81C58B9688A}"
EndProject
Project("{FAE04EC0-301F-11D3-BF4B-00C04F79EFBC}") = "Users.Module", "modules\users\Users.Module\Users.Module.csproj", "{8A5F6099-D57D-4EEA-8959-9A02850143F5}"
EndProject
Project("{2150E333-8FDC-42A3-9474-1A3956D46DE8}") = "mailing", "mailing", "{B5E778FE-6E21-4D96-A023-FE888D2D893E}"
EndProject
Project("{FAE04EC0-301F-11D3-BF4B-00C04F79EFBC}") = "RemTech.Spares.Module", "modules\parsed_advertisements\RemTech.Spares.Module\RemTech.Spares.Module.csproj", "{9BBED8A0-FAD5-482D-A455-CED2AA270C5C}"
EndProject
Project("{FAE04EC0-301F-11D3-BF4B-00C04F79EFBC}") = "Shared.Infrastructure.Module", "modules\shared_module\Shared.Infrastructure.Module\Shared.Infrastructure.Module.csproj", "{E0E44F06-A0E6-490A-8990-2DAE1936CB6F}"
EndProject
Project("{FAE04EC0-301F-11D3-BF4B-00C04F79EFBC}") = "RemTech.ContainedItems.Module", "modules\parsed_advertisements\RemTech.ContainedItems.Module\RemTech.ContainedItems.Module.csproj", "{8EDC2FCF-9006-4101-8774-3CBDBA3BC390}"
EndProject
Project("{2150E333-8FDC-42A3-9474-1A3956D46DE8}") = "telemetry", "telemetry", "{5CB0644B-C59E-4EC3-83C8-13CF97341231}"
EndProject
Project("{FAE04EC0-301F-11D3-BF4B-00C04F79EFBC}") = "Telemetry.Domain", "modules\telemetry\Telemetry.Domain\Telemetry.Domain.csproj", "{93FC8BD4-B3CC-423C-BB02-3D985E9DFF51}"
EndProject
Project("{2150E333-8FDC-42A3-9474-1A3956D46DE8}") = "Infrastructure", "Infrastructure", "{C70949EA-BF73-4E17-A9AB-87C215BDF273}"
EndProject
Project("{FAE04EC0-301F-11D3-BF4B-00C04F79EFBC}") = "Telemetry.Infrastructure.PostgreSQL", "modules\telemetry\Telemetry.Infrastructure\Telemetry.Infrastructure.PostgreSQL\Telemetry.Infrastructure.PostgreSQL.csproj", "{9C82B8F8-A87E-4246-8E77-2CCCB935057A}"
EndProject
Project("{FAE04EC0-301F-11D3-BF4B-00C04F79EFBC}") = "Telemetry.Contracts", "modules\telemetry\Telemetry.Contracts\Telemetry.Contracts.csproj", "{6451A400-810E-44D6-B3E2-C3D70707E788}"
EndProject
Project("{FAE04EC0-301F-11D3-BF4B-00C04F79EFBC}") = "Telemetry.Infrastructure.RabbitMQ", "modules\telemetry\Telemetry.Infrastructure\Telemetry.Infrastructure.RabbitMQ\Telemetry.Infrastructure.RabbitMQ.csproj", "{6234CF54-8088-4A34-9A8C-E27175A370D8}"
EndProject
Project("{2150E333-8FDC-42A3-9474-1A3956D46DE8}") = "Tests", "Tests", "{B59E7D59-A558-4723-A4A0-969D22713B2F}"
EndProject
Project("{2150E333-8FDC-42A3-9474-1A3956D46DE8}") = "Adapters", "Adapters", "{FD6B19B3-F064-464D-8CDF-FBEC85FF3A8D}"
EndProject
Project("{2150E333-8FDC-42A3-9474-1A3956D46DE8}") = "In", "In", "{0D4583BA-6B9E-404D-919B-D38E8D7ACA98}"
EndProject
Project("{2150E333-8FDC-42A3-9474-1A3956D46DE8}") = "Out", "Out", "{72186FA4-A624-4BFB-AE60-611F01B4507A}"
EndProject
Project("{FAE04EC0-301F-11D3-BF4B-00C04F79EFBC}") = "Telemetry.Adapter.Storage", "modules\telemetry\Adapters\In\Telemetry.Adapter.Storage\Telemetry.Adapter.Storage.csproj", "{23DB4783-D6FB-4C2E-B774-EC8B47F73741}"
EndProject
Project("{FAE04EC0-301F-11D3-BF4B-00C04F79EFBC}") = "Telemetry.Adapter.Storage.Tests", "modules\telemetry\Tests\Telemetry.Adapter.Storage.Tests\Telemetry.Adapter.Storage.Tests.csproj", "{915EC04B-9CBE-4CC2-A3DC-EF2DFF751042}"
EndProject
Project("{FAE04EC0-301F-11D3-BF4B-00C04F79EFBC}") = "RemTech.Shared.Tests", "modules\shared_module\RemTech.Shared.Tests\RemTech.Shared.Tests.csproj", "{7ED1BB31-985C-4A3A-A269-6842B172CAFD}"
EndProject
Project("{FAE04EC0-301F-11D3-BF4B-00C04F79EFBC}") = "RemTech.Shared.Configuration", "modules\shared_module\RemTech.Shared.Configuration\RemTech.Shared.Configuration.csproj", "{9685FD7D-7315-41E9-A964-8CD4DDEC2A4C}"
EndProject
Project("{FAE04EC0-301F-11D3-BF4B-00C04F79EFBC}") = "Identity.Domain", "modules\users\Identity.Domain\Identity.Domain.csproj", "{7E370EA3-419F-40F1-B563-1F924AFFC0B0}"
EndProject
Project("{2150E333-8FDC-42A3-9474-1A3956D46DE8}") = "Adapters", "Adapters", "{456B7B6B-0023-45CC-8702-5E0BCB1913F3}"
EndProject
Project("{FAE04EC0-301F-11D3-BF4B-00C04F79EFBC}") = "Identity.Adapter.Storage", "modules\users\Adapters\Identity.Adapter.Storage\Identity.Adapter.Storage.csproj", "{3D19EC89-8CE2-495E-9483-9386556DB3E4}"
EndProject
Project("{FAE04EC0-301F-11D3-BF4B-00C04F79EFBC}") = "Identity.Adapter.PasswordManager", "modules\users\Adapters\Identity.Adapter.PasswordManager\Identity.Adapter.PasswordManager.csproj", "{14561BB2-4F11-4B7C-9197-01CC78F371B3}"
EndProject
Project("{FAE04EC0-301F-11D3-BF4B-00C04F79EFBC}") = "Identity.WebApi", "modules\users\Identity.WebApi\Identity.WebApi.csproj", "{7C5688D6-83B0-47FA-B288-DDE9E8E52F49}"
EndProject
Project("{2150E333-8FDC-42A3-9474-1A3956D46DE8}") = "Tests", "Tests", "{F91287F3-E914-4DA6-9A65-3DC6ED9B1F2A}"
EndProject
Project("{FAE04EC0-301F-11D3-BF4B-00C04F79EFBC}") = "Identity.Integrational.Tests", "modules\users\Tests\Identity.Integrational.Tests\Identity.Integrational.Tests.csproj", "{A13E29D6-70C7-4822-A866-E915EB6B2937}"
EndProject
Project("{2150E333-8FDC-42A3-9474-1A3956D46DE8}") = "ExternalPorts", "ExternalPorts", "{0E30A21B-E2C6-4EA2-A193-4DDA779ADBB6}"
EndProject
Project("{FAE04EC0-301F-11D3-BF4B-00C04F79EFBC}") = "Identity.Notifier.Port", "modules\users\ExternalPorts\Identity.Notifier.Port\Identity.Notifier.Port.csproj", "{2272CB49-99AC-4266-9660-3198D622A683}"
EndProject
Project("{FAE04EC0-301F-11D3-BF4B-00C04F79EFBC}") = "Identity.Adapter.Notifier", "modules\users\Adapters\Identity.Adapter.Notifier\Identity.Adapter.Notifier.csproj", "{2C21A6E4-F445-4825-B892-DAD1DD7B3BDE}"
EndProject
Project("{FAE04EC0-301F-11D3-BF4B-00C04F79EFBC}") = "Identity.Adapter.Jwt", "modules\users\Adapters\Identity.Adapter.Jwt\Identity.Adapter.Jwt.csproj", "{B1871255-8BE9-4C35-A57B-955D8F0A556E}"
EndProject
Project("{FAE04EC0-301F-11D3-BF4B-00C04F79EFBC}") = "Identity.Adapter.Auth.Middleware", "modules\users\Adapters\Identity.Adapter.Auth.Middleware\Identity.Adapter.Auth.Middleware.csproj", "{0363EC7D-A8B4-4ED7-B3AD-7A6836DD5496}"
EndProject
Project("{FAE04EC0-301F-11D3-BF4B-00C04F79EFBC}") = "Shared.WebApi", "modules\shared_module\Shared.WebApi\Shared.WebApi.csproj", "{3E45E0C2-97D8-4685-AAD6-02216B947730}"
EndProject
Project("{FAE04EC0-301F-11D3-BF4B-00C04F79EFBC}") = "Identity.Contracts", "modules\users\Identity.Contracts\Identity.Contracts.csproj", "{3EEA13F8-2A1D-4A02-9909-FB529AE77A46}"
EndProject
Project("{FAE04EC0-301F-11D3-BF4B-00C04F79EFBC}") = "ParsedAdvertisements.WebApi", "modules\parsed_advertisements\ParsedAdvertisements.WebApi\ParsedAdvertisements.WebApi.csproj", "{5791927C-D0C1-4E0D-A5B3-F3D0C291C057}"
EndProject
Project("{2150E333-8FDC-42A3-9474-1A3956D46DE8}") = "building_blocks", "building_blocks", "{73EE3210-C164-4060-B679-037A4AD5D63A}"
EndProject
Project("{FAE04EC0-301F-11D3-BF4B-00C04F79EFBC}") = "RemTech.Tests.Shared", "modules\building_blocks\RemTech.Tests.Shared\RemTech.Tests.Shared.csproj", "{84801E8A-846D-4B2E-AF58-C15FB61EB5A7}"
EndProject
Project("{FAE04EC0-301F-11D3-BF4B-00C04F79EFBC}") = "ParsedAdvertisements.Core", "modules\parsed_advertisements\ParsedAdvertisements.Core\ParsedAdvertisements.Core.csproj", "{09324798-3B71-4DED-8E9F-AFC68DBC44A2}"
EndProject
Project("{FAE04EC0-301F-11D3-BF4B-00C04F79EFBC}") = "ParsedAdvertisements.Tests", "modules\parsed_advertisements\ParsedAdvertisements.Tests\ParsedAdvertisements.Tests.csproj", "{599E3BE1-C33A-4117-9C2A-59EC284BA279}"
EndProject
Project("{FAE04EC0-301F-11D3-BF4B-00C04F79EFBC}") = "RemTech.Ner.VehicleParameters", "RemTech.Ner.VehicleParameters\RemTech.Ner.VehicleParameters.csproj", "{0A93BF03-81F2-4627-A167-0CDCE3A96AE3}"
EndProject
Project("{2150E333-8FDC-42A3-9474-1A3956D46DE8}") = "identity", "identity", "{5E768BB8-7599-4338-A347-747392B9822C}"
EndProject
Project("{FAE04EC0-301F-11D3-BF4B-00C04F79EFBC}") = "Identity.Application", "modules\identity\Identity.Application\Identity.Application.csproj", "{04182889-A805-4E04-B380-5E1BD1D93A4E}"
EndProject
Project("{FAE04EC0-301F-11D3-BF4B-00C04F79EFBC}") = "CompositionRoot", "CompositionRoot\CompositionRoot.csproj", "{FB22A9A2-2C2D-40F6-8A6A-A3D74035186D}"
EndProject
Project("{FAE04EC0-301F-11D3-BF4B-00C04F79EFBC}") = "Tests", "Tests\Tests.csproj", "{F511C30F-24C3-407C-969B-0B513A242A75}"
EndProject
Project("{FAE04EC0-301F-11D3-BF4B-00C04F79EFBC}") = "WebHostApplication", "WebHostApplication\WebHostApplication.csproj", "{76FC6B27-0F0D-4334-8BE5-2212CCCCE4E0}"
EndProject
Project("{FAE04EC0-301F-11D3-BF4B-00C04F79EFBC}") = "Mailing.Core", "modules\mailing\Mailing.Core\Mailing.Core.csproj", "{75C03F00-973C-4470-86DB-9617A488FAA3}"
EndProject
Project("{FAE04EC0-301F-11D3-BF4B-00C04F79EFBC}") = "Mailing.Application", "modules\mailing\Mailing.Application\Mailing.Application.csproj", "{7BA1A61F-4346-4A18-8EE5-77ABE0AFBEAE}"
EndProject
Project("{FAE04EC0-301F-11D3-BF4B-00C04F79EFBC}") = "Mailing.Infrastructure", "modules\mailing\Mailing.Infrastructure\Mailing.Infrastructure.csproj", "{EE4A32D3-9513-44DA-9427-98299501E546}"
EndProject
Project("{FAE04EC0-301F-11D3-BF4B-00C04F79EFBC}") = "Mailing.Presenters", "modules\mailing\Mailing.Presenters\Mailing.Presenters.csproj", "{AF29B6CD-0BCC-45D0-BFCB-9FB99E0AB295}"
EndProject
Project("{FAE04EC0-301F-11D3-BF4B-00C04F79EFBC}") = "Mailing.CompositionRoot", "modules\mailing\Mailing.CompositionRoot\Mailing.CompositionRoot.csproj", "{0D22D428-36F9-43E8-A1BC-D25DC8FE4EF9}"
EndProject
Project("{FAE04EC0-301F-11D3-BF4B-00C04F79EFBC}") = "RemTech.SharedKernel.Core", "modules\building_blocks\RemTech.SharedKernel.Core\RemTech.SharedKernel.Core.csproj", "{C16FA3B5-B5C8-4A27-B7F9-5EACA86F0678}"
EndProject
Project("{FAE04EC0-301F-11D3-BF4B-00C04F79EFBC}") = "RemTech.SharedKernel.Web", "modules\building_blocks\RemTech.SharedKernel.Web\RemTech.SharedKernel.Web.csproj", "{005222DD-265E-440F-AF15-8DA0E0AED8F0}"
EndProject
Project("{FAE04EC0-301F-11D3-BF4B-00C04F79EFBC}") = "Identity.Infrastructure", "modules\identity\Identity.Infrastructure\Identity.Infrastructure.csproj", "{30B1F57D-4E2C-4755-9213-9FF1DAC7AC23}"
EndProject
Project("{FAE04EC0-301F-11D3-BF4B-00C04F79EFBC}") = "Identity.Gateways", "modules\identity\Identity.Gateways\Identity.Gateways.csproj", "{24782862-8FAE-408E-9FC9-785011DF099C}"
EndProject
Project("{FAE04EC0-301F-11D3-BF4B-00C04F79EFBC}") = "Identity.Contracts", "modules\identity\Identity.Contracts\Identity.Contracts.csproj", "{BCB8B91D-BA81-472E-8A4B-8CD1626DA279}"
EndProject
Project("{FAE04EC0-301F-11D3-BF4B-00C04F79EFBC}") = "Identity.CompositionRoot", "modules\identity\Identity.CompositionRoot\Identity.CompositionRoot.csproj", "{681648B7-7531-45CF-B336-4D57D7EAE90C}"
EndProject
Project("{2150E333-8FDC-42A3-9474-1A3956D46DE8}") = "parsers_control", "parsers_control", "{C11197B8-719C-4730-8975-495FDAABAE79}"
EndProject
Project("{FAE04EC0-301F-11D3-BF4B-00C04F79EFBC}") = "ParsersControl.Core", "modules\parsers_control\ParsersControl.Core\ParsersControl.Core.csproj", "{EFE0C247-BF15-40AD-98CE-2C9BAC47252E}"
EndProject
Project("{FAE04EC0-301F-11D3-BF4B-00C04F79EFBC}") = "ParsersControl.Infrastructure", "modules\parsers_control\ParsersControl.Infrastructure\ParsersControl.Infrastructure.csproj", "{1EDA8C73-993C-47CF-ABB0-296ECE6117CB}"
EndProject
Project("{FAE04EC0-301F-11D3-BF4B-00C04F79EFBC}") = "ParsersControl.Tests", "modules\parsers_control\ParsersControl.Tests\ParsersControl.Tests.csproj", "{2BA20D1E-3A87-49A8-8B76-894347279F2C}"
EndProject
Project("{FAE04EC0-301F-11D3-BF4B-00C04F79EFBC}") = "ParsersControl.WebApi", "modules\parsers_control\ParsersControl.WebApi\ParsersControl.WebApi.csproj", "{3B3C4C25-7475-4CD8-96A6-3D8AD01EB35A}"
EndProject
Project("{FAE04EC0-301F-11D3-BF4B-00C04F79EFBC}") = "RemTech.SharedKernel.Infrastructure.Database", "modules\building_blocks\RemTech.SharedKernel.Infrastructure.Database\RemTech.SharedKernel.Infrastructure.Database.csproj", "{EF51104A-D7E2-4839-9740-709B2830A72B}"
EndProject
Project("{FAE04EC0-301F-11D3-BF4B-00C04F79EFBC}") = "RemTech.SharedKernel.Configurations", "modules\building_blocks\RemTech.SharedKernel.Configurations\RemTech.SharedKernel.Configurations.csproj", "{5B4A6291-C1E9-4969-A7F0-8620BB7215EE}"
EndProject
Project("{FAE04EC0-301F-11D3-BF4B-00C04F79EFBC}") = "RemTech.SharedKernel.Infrastructure.RabbitMq", "modules\building_blocks\RemTech.SharedKernel.Infrastructure.RabbitMq\RemTech.SharedKernel.Infrastructure.RabbitMq.csproj", "{5BE41B74-A3E0-43D0-93F3-43BC117A87F7}"
EndProject
Project("{FAE04EC0-301F-11D3-BF4B-00C04F79EFBC}") = "RemTech.SharedKernel.Infrastructure.AesEncryption", "modules\building_blocks\RemTech.SharedKernel.Infrastructure.AesEncryption\RemTech.SharedKernel.Infrastructure.AesEncryption.csproj", "{12F9D020-1309-4E2D-B16B-80F5DF19AE38}"
EndProject
Project("{FAE04EC0-301F-11D3-BF4B-00C04F79EFBC}") = "RemTech.SharedKernel.Infrastructure.Quartz", "modules\building_blocks\RemTech.SharedKernel.Infrastructure.Quartz\RemTech.SharedKernel.Infrastructure.Quartz.csproj", "{6A96D8B5-A021-4FAB-9AE0-F0E8F553C5C4}"
EndProject
Project("{2150E333-8FDC-42A3-9474-1A3956D46DE8}") = "contained_items", "contained_items", "{52EC70D5-6ADD-4E64-93A7-B44FD1CDE94A}"
EndProject
Project("{FAE04EC0-301F-11D3-BF4B-00C04F79EFBC}") = "ContainedItems.Domain", "modules\contained_items\ContainedItems.Domain\ContainedItems.Domain.csproj", "{AA770800-DB50-483A-992C-5ED1A5041261}"
EndProject
Project("{FAE04EC0-301F-11D3-BF4B-00C04F79EFBC}") = "ContainedItems.Infrastructure", "modules\contained_items\ContainedItems.Infrastructure\ContainedItems.Infrastructure.csproj", "{B730E507-66ED-4BCA-813A-C18757142459}"
EndProject
Project("{FAE04EC0-301F-11D3-BF4B-00C04F79EFBC}") = "ContainedItems.Worker", "modules\contained_items\ContainedItems.Worker\ContainedItems.Worker.csproj", "{73D121A3-352B-4712-80E3-AACAEB49F40A}"
EndProject
Project("{2150E333-8FDC-42A3-9474-1A3956D46DE8}") = "spares", "spares", "{54BB41F1-EB7E-4496-8E7F-222653052AED}"
EndProject
Project("{FAE04EC0-301F-11D3-BF4B-00C04F79EFBC}") = "Spares.Domain", "modules\spares\Spares.Domain\Spares.Domain.csproj", "{EA7E183B-11B8-49BD-9DC1-FD1128639B37}"
EndProject
Project("{FAE04EC0-301F-11D3-BF4B-00C04F79EFBC}") = "Spares.Infrastructure", "modules\spares\Spares.Infrastructure\Spares.Infrastructure.csproj", "{EC6A00EE-3DBA-42DB-84E8-E5145571E4D6}"
EndProject
Project("{FAE04EC0-301F-11D3-BF4B-00C04F79EFBC}") = "Spares.WebApi", "modules\spares\Spares.WebApi\Spares.WebApi.csproj", "{F85EDF84-9B82-4BEA-8814-B2ED66BFCB09}"
EndProject
Project("{2150E333-8FDC-42A3-9474-1A3956D46DE8}") = "vehicles", "vehicles", "{C0DEFDEC-C6AF-44E4-80E7-25B8315FD64A}"
EndProject
Project("{FAE04EC0-301F-11D3-BF4B-00C04F79EFBC}") = "Vehicles.Domain", "modules\vehicles\Vehicles.Domain\Vehicles.Domain.csproj", "{F1BB4506-56E1-4024-B32F-AFD09F321885}"
EndProject
Project("{FAE04EC0-301F-11D3-BF4B-00C04F79EFBC}") = "Vehicles.Infrastructure", "modules\vehicles\Vehicles.Infrastructure\Vehicles.Infrastructure.csproj", "{50CBCF7A-33F4-4948-A082-C496B0905D80}"
EndProject
Project("{FAE04EC0-301F-11D3-BF4B-00C04F79EFBC}") = "RemTech.SharedKernel.NN", "modules\building_blocks\RemTech.SharedKernel.NN\RemTech.SharedKernel.NN.csproj", "{0684F4AE-6379-4014-9FF3-E9D2F208C4C3}"
EndProject
Project("{FAE04EC0-301F-11D3-BF4B-00C04F79EFBC}") = "Vehicles.WebApi", "modules\vehicles\Vehicles.WebApi\Vehicles.WebApi.csproj", "{B9C12DB3-441F-4415-8FC3-45480FD4F79D}"
EndProject
Project("{FAE04EC0-301F-11D3-BF4B-00C04F79EFBC}") = "Vehicles.Tests", "modules\vehicles\Vehicles.Tests\Vehicles.Tests.csproj", "{E6A72C23-0E7D-4D09-9EF3-3E977DE133BC}"
EndProject
Global
	GlobalSection(SolutionConfigurationPlatforms) = preSolution
		Debug|Any CPU = Debug|Any CPU
		Release|Any CPU = Release|Any CPU
	EndGlobalSection
	GlobalSection(NestedProjects) = preSolution
		{0F1953F7-2BA8-43CB-BAD2-F9432ADA45E3} = {79472554-9950-4B72-8B55-F32E46914B0B}
		{6F5C9BC2-2F61-40A4-B372-CCE7AA12358D} = {79472554-9950-4B72-8B55-F32E46914B0B}
		{36D17E5E-053E-4A1F-BE36-A3ACAC9CCF32} = {6F5C9BC2-2F61-40A4-B372-CCE7AA12358D}
		{E099BD53-3575-4FAB-8048-FEBEBBB81ECB} = {79472554-9950-4B72-8B55-F32E46914B0B}
		{841081F2-8939-4059-B298-046EABCC2A04} = {E099BD53-3575-4FAB-8048-FEBEBBB81ECB}
		{977FB8B6-5149-48B1-B4FE-A81C58B9688A} = {79472554-9950-4B72-8B55-F32E46914B0B}
		{8A5F6099-D57D-4EEA-8959-9A02850143F5} = {977FB8B6-5149-48B1-B4FE-A81C58B9688A}
		{B5E778FE-6E21-4D96-A023-FE888D2D893E} = {79472554-9950-4B72-8B55-F32E46914B0B}
		{9BBED8A0-FAD5-482D-A455-CED2AA270C5C} = {E099BD53-3575-4FAB-8048-FEBEBBB81ECB}
		{E0E44F06-A0E6-490A-8990-2DAE1936CB6F} = {6F5C9BC2-2F61-40A4-B372-CCE7AA12358D}
		{8EDC2FCF-9006-4101-8774-3CBDBA3BC390} = {E099BD53-3575-4FAB-8048-FEBEBBB81ECB}
		{5CB0644B-C59E-4EC3-83C8-13CF97341231} = {79472554-9950-4B72-8B55-F32E46914B0B}
		{93FC8BD4-B3CC-423C-BB02-3D985E9DFF51} = {5CB0644B-C59E-4EC3-83C8-13CF97341231}
		{C70949EA-BF73-4E17-A9AB-87C215BDF273} = {5CB0644B-C59E-4EC3-83C8-13CF97341231}
		{9C82B8F8-A87E-4246-8E77-2CCCB935057A} = {C70949EA-BF73-4E17-A9AB-87C215BDF273}
		{6451A400-810E-44D6-B3E2-C3D70707E788} = {5CB0644B-C59E-4EC3-83C8-13CF97341231}
		{6234CF54-8088-4A34-9A8C-E27175A370D8} = {C70949EA-BF73-4E17-A9AB-87C215BDF273}
		{B59E7D59-A558-4723-A4A0-969D22713B2F} = {5CB0644B-C59E-4EC3-83C8-13CF97341231}
		{FD6B19B3-F064-464D-8CDF-FBEC85FF3A8D} = {5CB0644B-C59E-4EC3-83C8-13CF97341231}
		{0D4583BA-6B9E-404D-919B-D38E8D7ACA98} = {FD6B19B3-F064-464D-8CDF-FBEC85FF3A8D}
		{72186FA4-A624-4BFB-AE60-611F01B4507A} = {FD6B19B3-F064-464D-8CDF-FBEC85FF3A8D}
		{23DB4783-D6FB-4C2E-B774-EC8B47F73741} = {0D4583BA-6B9E-404D-919B-D38E8D7ACA98}
		{915EC04B-9CBE-4CC2-A3DC-EF2DFF751042} = {B59E7D59-A558-4723-A4A0-969D22713B2F}
		{7ED1BB31-985C-4A3A-A269-6842B172CAFD} = {6F5C9BC2-2F61-40A4-B372-CCE7AA12358D}
		{9685FD7D-7315-41E9-A964-8CD4DDEC2A4C} = {6F5C9BC2-2F61-40A4-B372-CCE7AA12358D}
		{7E370EA3-419F-40F1-B563-1F924AFFC0B0} = {977FB8B6-5149-48B1-B4FE-A81C58B9688A}
		{456B7B6B-0023-45CC-8702-5E0BCB1913F3} = {977FB8B6-5149-48B1-B4FE-A81C58B9688A}
		{3D19EC89-8CE2-495E-9483-9386556DB3E4} = {456B7B6B-0023-45CC-8702-5E0BCB1913F3}
		{14561BB2-4F11-4B7C-9197-01CC78F371B3} = {456B7B6B-0023-45CC-8702-5E0BCB1913F3}
		{7C5688D6-83B0-47FA-B288-DDE9E8E52F49} = {977FB8B6-5149-48B1-B4FE-A81C58B9688A}
		{F91287F3-E914-4DA6-9A65-3DC6ED9B1F2A} = {977FB8B6-5149-48B1-B4FE-A81C58B9688A}
		{A13E29D6-70C7-4822-A866-E915EB6B2937} = {F91287F3-E914-4DA6-9A65-3DC6ED9B1F2A}
		{0E30A21B-E2C6-4EA2-A193-4DDA779ADBB6} = {977FB8B6-5149-48B1-B4FE-A81C58B9688A}
		{2272CB49-99AC-4266-9660-3198D622A683} = {0E30A21B-E2C6-4EA2-A193-4DDA779ADBB6}
		{2C21A6E4-F445-4825-B892-DAD1DD7B3BDE} = {456B7B6B-0023-45CC-8702-5E0BCB1913F3}
		{B1871255-8BE9-4C35-A57B-955D8F0A556E} = {456B7B6B-0023-45CC-8702-5E0BCB1913F3}
		{0363EC7D-A8B4-4ED7-B3AD-7A6836DD5496} = {456B7B6B-0023-45CC-8702-5E0BCB1913F3}
		{3E45E0C2-97D8-4685-AAD6-02216B947730} = {6F5C9BC2-2F61-40A4-B372-CCE7AA12358D}
		{3EEA13F8-2A1D-4A02-9909-FB529AE77A46} = {977FB8B6-5149-48B1-B4FE-A81C58B9688A}
		{5791927C-D0C1-4E0D-A5B3-F3D0C291C057} = {E099BD53-3575-4FAB-8048-FEBEBBB81ECB}
		{84801E8A-846D-4B2E-AF58-C15FB61EB5A7} = {73EE3210-C164-4060-B679-037A4AD5D63A}
		{09324798-3B71-4DED-8E9F-AFC68DBC44A2} = {E099BD53-3575-4FAB-8048-FEBEBBB81ECB}
		{599E3BE1-C33A-4117-9C2A-59EC284BA279} = {E099BD53-3575-4FAB-8048-FEBEBBB81ECB}
		{0A93BF03-81F2-4627-A167-0CDCE3A96AE3} = {73EE3210-C164-4060-B679-037A4AD5D63A}
		{5E768BB8-7599-4338-A347-747392B9822C} = {79472554-9950-4B72-8B55-F32E46914B0B}
		{04182889-A805-4E04-B380-5E1BD1D93A4E} = {5E768BB8-7599-4338-A347-747392B9822C}
		{75C03F00-973C-4470-86DB-9617A488FAA3} = {B5E778FE-6E21-4D96-A023-FE888D2D893E}
		{7BA1A61F-4346-4A18-8EE5-77ABE0AFBEAE} = {B5E778FE-6E21-4D96-A023-FE888D2D893E}
		{EE4A32D3-9513-44DA-9427-98299501E546} = {B5E778FE-6E21-4D96-A023-FE888D2D893E}
		{AF29B6CD-0BCC-45D0-BFCB-9FB99E0AB295} = {B5E778FE-6E21-4D96-A023-FE888D2D893E}
		{0D22D428-36F9-43E8-A1BC-D25DC8FE4EF9} = {B5E778FE-6E21-4D96-A023-FE888D2D893E}
		{C16FA3B5-B5C8-4A27-B7F9-5EACA86F0678} = {73EE3210-C164-4060-B679-037A4AD5D63A}
		{005222DD-265E-440F-AF15-8DA0E0AED8F0} = {73EE3210-C164-4060-B679-037A4AD5D63A}
		{30B1F57D-4E2C-4755-9213-9FF1DAC7AC23} = {5E768BB8-7599-4338-A347-747392B9822C}
		{24782862-8FAE-408E-9FC9-785011DF099C} = {5E768BB8-7599-4338-A347-747392B9822C}
		{BCB8B91D-BA81-472E-8A4B-8CD1626DA279} = {5E768BB8-7599-4338-A347-747392B9822C}
		{681648B7-7531-45CF-B336-4D57D7EAE90C} = {5E768BB8-7599-4338-A347-747392B9822C}
		{C11197B8-719C-4730-8975-495FDAABAE79} = {79472554-9950-4B72-8B55-F32E46914B0B}
		{EFE0C247-BF15-40AD-98CE-2C9BAC47252E} = {C11197B8-719C-4730-8975-495FDAABAE79}
		{1EDA8C73-993C-47CF-ABB0-296ECE6117CB} = {C11197B8-719C-4730-8975-495FDAABAE79}
		{2BA20D1E-3A87-49A8-8B76-894347279F2C} = {C11197B8-719C-4730-8975-495FDAABAE79}
		{3B3C4C25-7475-4CD8-96A6-3D8AD01EB35A} = {C11197B8-719C-4730-8975-495FDAABAE79}
		{EF51104A-D7E2-4839-9740-709B2830A72B} = {73EE3210-C164-4060-B679-037A4AD5D63A}
		{5B4A6291-C1E9-4969-A7F0-8620BB7215EE} = {73EE3210-C164-4060-B679-037A4AD5D63A}
		{5BE41B74-A3E0-43D0-93F3-43BC117A87F7} = {73EE3210-C164-4060-B679-037A4AD5D63A}
		{12F9D020-1309-4E2D-B16B-80F5DF19AE38} = {73EE3210-C164-4060-B679-037A4AD5D63A}
		{6A96D8B5-A021-4FAB-9AE0-F0E8F553C5C4} = {73EE3210-C164-4060-B679-037A4AD5D63A}
		{52EC70D5-6ADD-4E64-93A7-B44FD1CDE94A} = {79472554-9950-4B72-8B55-F32E46914B0B}
		{AA770800-DB50-483A-992C-5ED1A5041261} = {52EC70D5-6ADD-4E64-93A7-B44FD1CDE94A}
		{B730E507-66ED-4BCA-813A-C18757142459} = {52EC70D5-6ADD-4E64-93A7-B44FD1CDE94A}
		{73D121A3-352B-4712-80E3-AACAEB49F40A} = {52EC70D5-6ADD-4E64-93A7-B44FD1CDE94A}
		{54BB41F1-EB7E-4496-8E7F-222653052AED} = {79472554-9950-4B72-8B55-F32E46914B0B}
		{EA7E183B-11B8-49BD-9DC1-FD1128639B37} = {54BB41F1-EB7E-4496-8E7F-222653052AED}
		{EC6A00EE-3DBA-42DB-84E8-E5145571E4D6} = {54BB41F1-EB7E-4496-8E7F-222653052AED}
		{F85EDF84-9B82-4BEA-8814-B2ED66BFCB09} = {54BB41F1-EB7E-4496-8E7F-222653052AED}
		{C0DEFDEC-C6AF-44E4-80E7-25B8315FD64A} = {79472554-9950-4B72-8B55-F32E46914B0B}
		{F1BB4506-56E1-4024-B32F-AFD09F321885} = {C0DEFDEC-C6AF-44E4-80E7-25B8315FD64A}
		{50CBCF7A-33F4-4948-A082-C496B0905D80} = {C0DEFDEC-C6AF-44E4-80E7-25B8315FD64A}
		{0684F4AE-6379-4014-9FF3-E9D2F208C4C3} = {73EE3210-C164-4060-B679-037A4AD5D63A}
		{B9C12DB3-441F-4415-8FC3-45480FD4F79D} = {C0DEFDEC-C6AF-44E4-80E7-25B8315FD64A}
		{E6A72C23-0E7D-4D09-9EF3-3E977DE133BC} = {C0DEFDEC-C6AF-44E4-80E7-25B8315FD64A}
	EndGlobalSection
	GlobalSection(ProjectConfigurationPlatforms) = postSolution
		{0F1953F7-2BA8-43CB-BAD2-F9432ADA45E3}.Debug|Any CPU.ActiveCfg = Debug|Any CPU
		{0F1953F7-2BA8-43CB-BAD2-F9432ADA45E3}.Debug|Any CPU.Build.0 = Debug|Any CPU
		{0F1953F7-2BA8-43CB-BAD2-F9432ADA45E3}.Release|Any CPU.ActiveCfg = Release|Any CPU
		{0F1953F7-2BA8-43CB-BAD2-F9432ADA45E3}.Release|Any CPU.Build.0 = Release|Any CPU
		{36D17E5E-053E-4A1F-BE36-A3ACAC9CCF32}.Debug|Any CPU.ActiveCfg = Debug|Any CPU
		{36D17E5E-053E-4A1F-BE36-A3ACAC9CCF32}.Debug|Any CPU.Build.0 = Debug|Any CPU
		{36D17E5E-053E-4A1F-BE36-A3ACAC9CCF32}.Release|Any CPU.ActiveCfg = Release|Any CPU
		{36D17E5E-053E-4A1F-BE36-A3ACAC9CCF32}.Release|Any CPU.Build.0 = Release|Any CPU
		{841081F2-8939-4059-B298-046EABCC2A04}.Debug|Any CPU.ActiveCfg = Debug|Any CPU
		{841081F2-8939-4059-B298-046EABCC2A04}.Debug|Any CPU.Build.0 = Debug|Any CPU
		{841081F2-8939-4059-B298-046EABCC2A04}.Release|Any CPU.ActiveCfg = Release|Any CPU
		{841081F2-8939-4059-B298-046EABCC2A04}.Release|Any CPU.Build.0 = Release|Any CPU
		{8A5F6099-D57D-4EEA-8959-9A02850143F5}.Debug|Any CPU.ActiveCfg = Debug|Any CPU
		{8A5F6099-D57D-4EEA-8959-9A02850143F5}.Debug|Any CPU.Build.0 = Debug|Any CPU
		{8A5F6099-D57D-4EEA-8959-9A02850143F5}.Release|Any CPU.ActiveCfg = Release|Any CPU
		{8A5F6099-D57D-4EEA-8959-9A02850143F5}.Release|Any CPU.Build.0 = Release|Any CPU
		{9BBED8A0-FAD5-482D-A455-CED2AA270C5C}.Debug|Any CPU.ActiveCfg = Debug|Any CPU
		{9BBED8A0-FAD5-482D-A455-CED2AA270C5C}.Debug|Any CPU.Build.0 = Debug|Any CPU
		{9BBED8A0-FAD5-482D-A455-CED2AA270C5C}.Release|Any CPU.ActiveCfg = Release|Any CPU
		{9BBED8A0-FAD5-482D-A455-CED2AA270C5C}.Release|Any CPU.Build.0 = Release|Any CPU
		{E0E44F06-A0E6-490A-8990-2DAE1936CB6F}.Debug|Any CPU.ActiveCfg = Debug|Any CPU
		{E0E44F06-A0E6-490A-8990-2DAE1936CB6F}.Debug|Any CPU.Build.0 = Debug|Any CPU
		{E0E44F06-A0E6-490A-8990-2DAE1936CB6F}.Release|Any CPU.ActiveCfg = Release|Any CPU
		{E0E44F06-A0E6-490A-8990-2DAE1936CB6F}.Release|Any CPU.Build.0 = Release|Any CPU
		{8EDC2FCF-9006-4101-8774-3CBDBA3BC390}.Debug|Any CPU.ActiveCfg = Debug|Any CPU
		{8EDC2FCF-9006-4101-8774-3CBDBA3BC390}.Debug|Any CPU.Build.0 = Debug|Any CPU
		{8EDC2FCF-9006-4101-8774-3CBDBA3BC390}.Release|Any CPU.ActiveCfg = Release|Any CPU
		{8EDC2FCF-9006-4101-8774-3CBDBA3BC390}.Release|Any CPU.Build.0 = Release|Any CPU
		{93FC8BD4-B3CC-423C-BB02-3D985E9DFF51}.Debug|Any CPU.ActiveCfg = Debug|Any CPU
		{93FC8BD4-B3CC-423C-BB02-3D985E9DFF51}.Debug|Any CPU.Build.0 = Debug|Any CPU
		{93FC8BD4-B3CC-423C-BB02-3D985E9DFF51}.Release|Any CPU.ActiveCfg = Release|Any CPU
		{93FC8BD4-B3CC-423C-BB02-3D985E9DFF51}.Release|Any CPU.Build.0 = Release|Any CPU
		{9C82B8F8-A87E-4246-8E77-2CCCB935057A}.Debug|Any CPU.ActiveCfg = Debug|Any CPU
		{9C82B8F8-A87E-4246-8E77-2CCCB935057A}.Debug|Any CPU.Build.0 = Debug|Any CPU
		{9C82B8F8-A87E-4246-8E77-2CCCB935057A}.Release|Any CPU.ActiveCfg = Release|Any CPU
		{9C82B8F8-A87E-4246-8E77-2CCCB935057A}.Release|Any CPU.Build.0 = Release|Any CPU
		{6451A400-810E-44D6-B3E2-C3D70707E788}.Debug|Any CPU.ActiveCfg = Debug|Any CPU
		{6451A400-810E-44D6-B3E2-C3D70707E788}.Debug|Any CPU.Build.0 = Debug|Any CPU
		{6451A400-810E-44D6-B3E2-C3D70707E788}.Release|Any CPU.ActiveCfg = Release|Any CPU
		{6451A400-810E-44D6-B3E2-C3D70707E788}.Release|Any CPU.Build.0 = Release|Any CPU
		{6234CF54-8088-4A34-9A8C-E27175A370D8}.Debug|Any CPU.ActiveCfg = Debug|Any CPU
		{6234CF54-8088-4A34-9A8C-E27175A370D8}.Debug|Any CPU.Build.0 = Debug|Any CPU
		{6234CF54-8088-4A34-9A8C-E27175A370D8}.Release|Any CPU.ActiveCfg = Release|Any CPU
		{6234CF54-8088-4A34-9A8C-E27175A370D8}.Release|Any CPU.Build.0 = Release|Any CPU
		{23DB4783-D6FB-4C2E-B774-EC8B47F73741}.Debug|Any CPU.ActiveCfg = Debug|Any CPU
		{23DB4783-D6FB-4C2E-B774-EC8B47F73741}.Debug|Any CPU.Build.0 = Debug|Any CPU
		{23DB4783-D6FB-4C2E-B774-EC8B47F73741}.Release|Any CPU.ActiveCfg = Release|Any CPU
		{23DB4783-D6FB-4C2E-B774-EC8B47F73741}.Release|Any CPU.Build.0 = Release|Any CPU
		{915EC04B-9CBE-4CC2-A3DC-EF2DFF751042}.Debug|Any CPU.ActiveCfg = Debug|Any CPU
		{915EC04B-9CBE-4CC2-A3DC-EF2DFF751042}.Debug|Any CPU.Build.0 = Debug|Any CPU
		{915EC04B-9CBE-4CC2-A3DC-EF2DFF751042}.Release|Any CPU.ActiveCfg = Release|Any CPU
		{915EC04B-9CBE-4CC2-A3DC-EF2DFF751042}.Release|Any CPU.Build.0 = Release|Any CPU
		{7ED1BB31-985C-4A3A-A269-6842B172CAFD}.Debug|Any CPU.ActiveCfg = Debug|Any CPU
		{7ED1BB31-985C-4A3A-A269-6842B172CAFD}.Debug|Any CPU.Build.0 = Debug|Any CPU
		{7ED1BB31-985C-4A3A-A269-6842B172CAFD}.Release|Any CPU.ActiveCfg = Release|Any CPU
		{7ED1BB31-985C-4A3A-A269-6842B172CAFD}.Release|Any CPU.Build.0 = Release|Any CPU
		{9685FD7D-7315-41E9-A964-8CD4DDEC2A4C}.Debug|Any CPU.ActiveCfg = Debug|Any CPU
		{9685FD7D-7315-41E9-A964-8CD4DDEC2A4C}.Debug|Any CPU.Build.0 = Debug|Any CPU
		{9685FD7D-7315-41E9-A964-8CD4DDEC2A4C}.Release|Any CPU.ActiveCfg = Release|Any CPU
		{9685FD7D-7315-41E9-A964-8CD4DDEC2A4C}.Release|Any CPU.Build.0 = Release|Any CPU
		{7E370EA3-419F-40F1-B563-1F924AFFC0B0}.Debug|Any CPU.ActiveCfg = Debug|Any CPU
		{7E370EA3-419F-40F1-B563-1F924AFFC0B0}.Debug|Any CPU.Build.0 = Debug|Any CPU
		{7E370EA3-419F-40F1-B563-1F924AFFC0B0}.Release|Any CPU.ActiveCfg = Release|Any CPU
		{7E370EA3-419F-40F1-B563-1F924AFFC0B0}.Release|Any CPU.Build.0 = Release|Any CPU
		{3D19EC89-8CE2-495E-9483-9386556DB3E4}.Debug|Any CPU.ActiveCfg = Debug|Any CPU
		{3D19EC89-8CE2-495E-9483-9386556DB3E4}.Debug|Any CPU.Build.0 = Debug|Any CPU
		{3D19EC89-8CE2-495E-9483-9386556DB3E4}.Release|Any CPU.ActiveCfg = Release|Any CPU
		{3D19EC89-8CE2-495E-9483-9386556DB3E4}.Release|Any CPU.Build.0 = Release|Any CPU
		{14561BB2-4F11-4B7C-9197-01CC78F371B3}.Debug|Any CPU.ActiveCfg = Debug|Any CPU
		{14561BB2-4F11-4B7C-9197-01CC78F371B3}.Debug|Any CPU.Build.0 = Debug|Any CPU
		{14561BB2-4F11-4B7C-9197-01CC78F371B3}.Release|Any CPU.ActiveCfg = Release|Any CPU
		{14561BB2-4F11-4B7C-9197-01CC78F371B3}.Release|Any CPU.Build.0 = Release|Any CPU
		{7C5688D6-83B0-47FA-B288-DDE9E8E52F49}.Debug|Any CPU.ActiveCfg = Debug|Any CPU
		{7C5688D6-83B0-47FA-B288-DDE9E8E52F49}.Debug|Any CPU.Build.0 = Debug|Any CPU
		{7C5688D6-83B0-47FA-B288-DDE9E8E52F49}.Release|Any CPU.ActiveCfg = Release|Any CPU
		{7C5688D6-83B0-47FA-B288-DDE9E8E52F49}.Release|Any CPU.Build.0 = Release|Any CPU
		{A13E29D6-70C7-4822-A866-E915EB6B2937}.Debug|Any CPU.ActiveCfg = Debug|Any CPU
		{A13E29D6-70C7-4822-A866-E915EB6B2937}.Debug|Any CPU.Build.0 = Debug|Any CPU
		{A13E29D6-70C7-4822-A866-E915EB6B2937}.Release|Any CPU.ActiveCfg = Release|Any CPU
		{A13E29D6-70C7-4822-A866-E915EB6B2937}.Release|Any CPU.Build.0 = Release|Any CPU
		{2272CB49-99AC-4266-9660-3198D622A683}.Debug|Any CPU.ActiveCfg = Debug|Any CPU
		{2272CB49-99AC-4266-9660-3198D622A683}.Debug|Any CPU.Build.0 = Debug|Any CPU
		{2272CB49-99AC-4266-9660-3198D622A683}.Release|Any CPU.ActiveCfg = Release|Any CPU
		{2272CB49-99AC-4266-9660-3198D622A683}.Release|Any CPU.Build.0 = Release|Any CPU
		{2C21A6E4-F445-4825-B892-DAD1DD7B3BDE}.Debug|Any CPU.ActiveCfg = Debug|Any CPU
		{2C21A6E4-F445-4825-B892-DAD1DD7B3BDE}.Debug|Any CPU.Build.0 = Debug|Any CPU
		{2C21A6E4-F445-4825-B892-DAD1DD7B3BDE}.Release|Any CPU.ActiveCfg = Release|Any CPU
		{2C21A6E4-F445-4825-B892-DAD1DD7B3BDE}.Release|Any CPU.Build.0 = Release|Any CPU
		{B1871255-8BE9-4C35-A57B-955D8F0A556E}.Debug|Any CPU.ActiveCfg = Debug|Any CPU
		{B1871255-8BE9-4C35-A57B-955D8F0A556E}.Debug|Any CPU.Build.0 = Debug|Any CPU
		{B1871255-8BE9-4C35-A57B-955D8F0A556E}.Release|Any CPU.ActiveCfg = Release|Any CPU
		{B1871255-8BE9-4C35-A57B-955D8F0A556E}.Release|Any CPU.Build.0 = Release|Any CPU
		{0363EC7D-A8B4-4ED7-B3AD-7A6836DD5496}.Debug|Any CPU.ActiveCfg = Debug|Any CPU
		{0363EC7D-A8B4-4ED7-B3AD-7A6836DD5496}.Debug|Any CPU.Build.0 = Debug|Any CPU
		{0363EC7D-A8B4-4ED7-B3AD-7A6836DD5496}.Release|Any CPU.ActiveCfg = Release|Any CPU
		{0363EC7D-A8B4-4ED7-B3AD-7A6836DD5496}.Release|Any CPU.Build.0 = Release|Any CPU
		{3E45E0C2-97D8-4685-AAD6-02216B947730}.Debug|Any CPU.ActiveCfg = Debug|Any CPU
		{3E45E0C2-97D8-4685-AAD6-02216B947730}.Debug|Any CPU.Build.0 = Debug|Any CPU
		{3E45E0C2-97D8-4685-AAD6-02216B947730}.Release|Any CPU.ActiveCfg = Release|Any CPU
		{3E45E0C2-97D8-4685-AAD6-02216B947730}.Release|Any CPU.Build.0 = Release|Any CPU
		{3EEA13F8-2A1D-4A02-9909-FB529AE77A46}.Debug|Any CPU.ActiveCfg = Debug|Any CPU
		{3EEA13F8-2A1D-4A02-9909-FB529AE77A46}.Debug|Any CPU.Build.0 = Debug|Any CPU
		{3EEA13F8-2A1D-4A02-9909-FB529AE77A46}.Release|Any CPU.ActiveCfg = Release|Any CPU
		{3EEA13F8-2A1D-4A02-9909-FB529AE77A46}.Release|Any CPU.Build.0 = Release|Any CPU
		{5791927C-D0C1-4E0D-A5B3-F3D0C291C057}.Debug|Any CPU.ActiveCfg = Debug|Any CPU
		{5791927C-D0C1-4E0D-A5B3-F3D0C291C057}.Debug|Any CPU.Build.0 = Debug|Any CPU
		{5791927C-D0C1-4E0D-A5B3-F3D0C291C057}.Release|Any CPU.ActiveCfg = Release|Any CPU
		{5791927C-D0C1-4E0D-A5B3-F3D0C291C057}.Release|Any CPU.Build.0 = Release|Any CPU
		{84801E8A-846D-4B2E-AF58-C15FB61EB5A7}.Debug|Any CPU.ActiveCfg = Debug|Any CPU
		{84801E8A-846D-4B2E-AF58-C15FB61EB5A7}.Debug|Any CPU.Build.0 = Debug|Any CPU
		{84801E8A-846D-4B2E-AF58-C15FB61EB5A7}.Release|Any CPU.ActiveCfg = Release|Any CPU
		{84801E8A-846D-4B2E-AF58-C15FB61EB5A7}.Release|Any CPU.Build.0 = Release|Any CPU
		{09324798-3B71-4DED-8E9F-AFC68DBC44A2}.Debug|Any CPU.ActiveCfg = Debug|Any CPU
		{09324798-3B71-4DED-8E9F-AFC68DBC44A2}.Debug|Any CPU.Build.0 = Debug|Any CPU
		{09324798-3B71-4DED-8E9F-AFC68DBC44A2}.Release|Any CPU.ActiveCfg = Release|Any CPU
		{09324798-3B71-4DED-8E9F-AFC68DBC44A2}.Release|Any CPU.Build.0 = Release|Any CPU
		{599E3BE1-C33A-4117-9C2A-59EC284BA279}.Debug|Any CPU.ActiveCfg = Debug|Any CPU
		{599E3BE1-C33A-4117-9C2A-59EC284BA279}.Debug|Any CPU.Build.0 = Debug|Any CPU
		{599E3BE1-C33A-4117-9C2A-59EC284BA279}.Release|Any CPU.ActiveCfg = Release|Any CPU
		{599E3BE1-C33A-4117-9C2A-59EC284BA279}.Release|Any CPU.Build.0 = Release|Any CPU
		{0A93BF03-81F2-4627-A167-0CDCE3A96AE3}.Debug|Any CPU.ActiveCfg = Debug|Any CPU
		{0A93BF03-81F2-4627-A167-0CDCE3A96AE3}.Debug|Any CPU.Build.0 = Debug|Any CPU
		{0A93BF03-81F2-4627-A167-0CDCE3A96AE3}.Release|Any CPU.ActiveCfg = Release|Any CPU
		{0A93BF03-81F2-4627-A167-0CDCE3A96AE3}.Release|Any CPU.Build.0 = Release|Any CPU
		{04182889-A805-4E04-B380-5E1BD1D93A4E}.Debug|Any CPU.ActiveCfg = Debug|Any CPU
		{04182889-A805-4E04-B380-5E1BD1D93A4E}.Debug|Any CPU.Build.0 = Debug|Any CPU
		{04182889-A805-4E04-B380-5E1BD1D93A4E}.Release|Any CPU.ActiveCfg = Release|Any CPU
		{04182889-A805-4E04-B380-5E1BD1D93A4E}.Release|Any CPU.Build.0 = Release|Any CPU
		{FB22A9A2-2C2D-40F6-8A6A-A3D74035186D}.Debug|Any CPU.ActiveCfg = Debug|Any CPU
		{FB22A9A2-2C2D-40F6-8A6A-A3D74035186D}.Debug|Any CPU.Build.0 = Debug|Any CPU
		{FB22A9A2-2C2D-40F6-8A6A-A3D74035186D}.Release|Any CPU.ActiveCfg = Release|Any CPU
		{FB22A9A2-2C2D-40F6-8A6A-A3D74035186D}.Release|Any CPU.Build.0 = Release|Any CPU
		{F511C30F-24C3-407C-969B-0B513A242A75}.Debug|Any CPU.ActiveCfg = Debug|Any CPU
		{F511C30F-24C3-407C-969B-0B513A242A75}.Debug|Any CPU.Build.0 = Debug|Any CPU
		{F511C30F-24C3-407C-969B-0B513A242A75}.Release|Any CPU.ActiveCfg = Release|Any CPU
		{F511C30F-24C3-407C-969B-0B513A242A75}.Release|Any CPU.Build.0 = Release|Any CPU
		{76FC6B27-0F0D-4334-8BE5-2212CCCCE4E0}.Debug|Any CPU.ActiveCfg = Debug|Any CPU
		{76FC6B27-0F0D-4334-8BE5-2212CCCCE4E0}.Debug|Any CPU.Build.0 = Debug|Any CPU
		{76FC6B27-0F0D-4334-8BE5-2212CCCCE4E0}.Release|Any CPU.ActiveCfg = Release|Any CPU
		{76FC6B27-0F0D-4334-8BE5-2212CCCCE4E0}.Release|Any CPU.Build.0 = Release|Any CPU
		{75C03F00-973C-4470-86DB-9617A488FAA3}.Debug|Any CPU.ActiveCfg = Debug|Any CPU
		{75C03F00-973C-4470-86DB-9617A488FAA3}.Debug|Any CPU.Build.0 = Debug|Any CPU
		{75C03F00-973C-4470-86DB-9617A488FAA3}.Release|Any CPU.ActiveCfg = Release|Any CPU
		{75C03F00-973C-4470-86DB-9617A488FAA3}.Release|Any CPU.Build.0 = Release|Any CPU
		{7BA1A61F-4346-4A18-8EE5-77ABE0AFBEAE}.Debug|Any CPU.ActiveCfg = Debug|Any CPU
		{7BA1A61F-4346-4A18-8EE5-77ABE0AFBEAE}.Debug|Any CPU.Build.0 = Debug|Any CPU
		{7BA1A61F-4346-4A18-8EE5-77ABE0AFBEAE}.Release|Any CPU.ActiveCfg = Release|Any CPU
		{7BA1A61F-4346-4A18-8EE5-77ABE0AFBEAE}.Release|Any CPU.Build.0 = Release|Any CPU
		{EE4A32D3-9513-44DA-9427-98299501E546}.Debug|Any CPU.ActiveCfg = Debug|Any CPU
		{EE4A32D3-9513-44DA-9427-98299501E546}.Debug|Any CPU.Build.0 = Debug|Any CPU
		{EE4A32D3-9513-44DA-9427-98299501E546}.Release|Any CPU.ActiveCfg = Release|Any CPU
		{EE4A32D3-9513-44DA-9427-98299501E546}.Release|Any CPU.Build.0 = Release|Any CPU
		{AF29B6CD-0BCC-45D0-BFCB-9FB99E0AB295}.Debug|Any CPU.ActiveCfg = Debug|Any CPU
		{AF29B6CD-0BCC-45D0-BFCB-9FB99E0AB295}.Debug|Any CPU.Build.0 = Debug|Any CPU
		{AF29B6CD-0BCC-45D0-BFCB-9FB99E0AB295}.Release|Any CPU.ActiveCfg = Release|Any CPU
		{AF29B6CD-0BCC-45D0-BFCB-9FB99E0AB295}.Release|Any CPU.Build.0 = Release|Any CPU
		{0D22D428-36F9-43E8-A1BC-D25DC8FE4EF9}.Debug|Any CPU.ActiveCfg = Debug|Any CPU
		{0D22D428-36F9-43E8-A1BC-D25DC8FE4EF9}.Debug|Any CPU.Build.0 = Debug|Any CPU
		{0D22D428-36F9-43E8-A1BC-D25DC8FE4EF9}.Release|Any CPU.ActiveCfg = Release|Any CPU
		{0D22D428-36F9-43E8-A1BC-D25DC8FE4EF9}.Release|Any CPU.Build.0 = Release|Any CPU
		{C16FA3B5-B5C8-4A27-B7F9-5EACA86F0678}.Debug|Any CPU.ActiveCfg = Debug|Any CPU
		{C16FA3B5-B5C8-4A27-B7F9-5EACA86F0678}.Debug|Any CPU.Build.0 = Debug|Any CPU
		{C16FA3B5-B5C8-4A27-B7F9-5EACA86F0678}.Release|Any CPU.ActiveCfg = Release|Any CPU
		{C16FA3B5-B5C8-4A27-B7F9-5EACA86F0678}.Release|Any CPU.Build.0 = Release|Any CPU
		{005222DD-265E-440F-AF15-8DA0E0AED8F0}.Debug|Any CPU.ActiveCfg = Debug|Any CPU
		{005222DD-265E-440F-AF15-8DA0E0AED8F0}.Debug|Any CPU.Build.0 = Debug|Any CPU
		{005222DD-265E-440F-AF15-8DA0E0AED8F0}.Release|Any CPU.ActiveCfg = Release|Any CPU
		{005222DD-265E-440F-AF15-8DA0E0AED8F0}.Release|Any CPU.Build.0 = Release|Any CPU
		{30B1F57D-4E2C-4755-9213-9FF1DAC7AC23}.Debug|Any CPU.ActiveCfg = Debug|Any CPU
		{30B1F57D-4E2C-4755-9213-9FF1DAC7AC23}.Debug|Any CPU.Build.0 = Debug|Any CPU
		{30B1F57D-4E2C-4755-9213-9FF1DAC7AC23}.Release|Any CPU.ActiveCfg = Release|Any CPU
		{30B1F57D-4E2C-4755-9213-9FF1DAC7AC23}.Release|Any CPU.Build.0 = Release|Any CPU
		{24782862-8FAE-408E-9FC9-785011DF099C}.Debug|Any CPU.ActiveCfg = Debug|Any CPU
		{24782862-8FAE-408E-9FC9-785011DF099C}.Debug|Any CPU.Build.0 = Debug|Any CPU
		{24782862-8FAE-408E-9FC9-785011DF099C}.Release|Any CPU.ActiveCfg = Release|Any CPU
		{24782862-8FAE-408E-9FC9-785011DF099C}.Release|Any CPU.Build.0 = Release|Any CPU
		{BCB8B91D-BA81-472E-8A4B-8CD1626DA279}.Debug|Any CPU.ActiveCfg = Debug|Any CPU
		{BCB8B91D-BA81-472E-8A4B-8CD1626DA279}.Debug|Any CPU.Build.0 = Debug|Any CPU
		{BCB8B91D-BA81-472E-8A4B-8CD1626DA279}.Release|Any CPU.ActiveCfg = Release|Any CPU
		{BCB8B91D-BA81-472E-8A4B-8CD1626DA279}.Release|Any CPU.Build.0 = Release|Any CPU
		{681648B7-7531-45CF-B336-4D57D7EAE90C}.Debug|Any CPU.ActiveCfg = Debug|Any CPU
		{681648B7-7531-45CF-B336-4D57D7EAE90C}.Debug|Any CPU.Build.0 = Debug|Any CPU
		{681648B7-7531-45CF-B336-4D57D7EAE90C}.Release|Any CPU.ActiveCfg = Release|Any CPU
		{681648B7-7531-45CF-B336-4D57D7EAE90C}.Release|Any CPU.Build.0 = Release|Any CPU
		{EFE0C247-BF15-40AD-98CE-2C9BAC47252E}.Debug|Any CPU.ActiveCfg = Debug|Any CPU
		{EFE0C247-BF15-40AD-98CE-2C9BAC47252E}.Debug|Any CPU.Build.0 = Debug|Any CPU
		{EFE0C247-BF15-40AD-98CE-2C9BAC47252E}.Release|Any CPU.ActiveCfg = Release|Any CPU
		{EFE0C247-BF15-40AD-98CE-2C9BAC47252E}.Release|Any CPU.Build.0 = Release|Any CPU
		{1EDA8C73-993C-47CF-ABB0-296ECE6117CB}.Debug|Any CPU.ActiveCfg = Debug|Any CPU
		{1EDA8C73-993C-47CF-ABB0-296ECE6117CB}.Debug|Any CPU.Build.0 = Debug|Any CPU
		{1EDA8C73-993C-47CF-ABB0-296ECE6117CB}.Release|Any CPU.ActiveCfg = Release|Any CPU
		{1EDA8C73-993C-47CF-ABB0-296ECE6117CB}.Release|Any CPU.Build.0 = Release|Any CPU
		{2BA20D1E-3A87-49A8-8B76-894347279F2C}.Debug|Any CPU.ActiveCfg = Debug|Any CPU
		{2BA20D1E-3A87-49A8-8B76-894347279F2C}.Debug|Any CPU.Build.0 = Debug|Any CPU
		{2BA20D1E-3A87-49A8-8B76-894347279F2C}.Release|Any CPU.ActiveCfg = Release|Any CPU
		{2BA20D1E-3A87-49A8-8B76-894347279F2C}.Release|Any CPU.Build.0 = Release|Any CPU
		{3B3C4C25-7475-4CD8-96A6-3D8AD01EB35A}.Debug|Any CPU.ActiveCfg = Debug|Any CPU
		{3B3C4C25-7475-4CD8-96A6-3D8AD01EB35A}.Debug|Any CPU.Build.0 = Debug|Any CPU
		{3B3C4C25-7475-4CD8-96A6-3D8AD01EB35A}.Release|Any CPU.ActiveCfg = Release|Any CPU
		{3B3C4C25-7475-4CD8-96A6-3D8AD01EB35A}.Release|Any CPU.Build.0 = Release|Any CPU
		{EF51104A-D7E2-4839-9740-709B2830A72B}.Debug|Any CPU.ActiveCfg = Debug|Any CPU
		{EF51104A-D7E2-4839-9740-709B2830A72B}.Debug|Any CPU.Build.0 = Debug|Any CPU
		{EF51104A-D7E2-4839-9740-709B2830A72B}.Release|Any CPU.ActiveCfg = Release|Any CPU
		{EF51104A-D7E2-4839-9740-709B2830A72B}.Release|Any CPU.Build.0 = Release|Any CPU
		{5B4A6291-C1E9-4969-A7F0-8620BB7215EE}.Debug|Any CPU.ActiveCfg = Debug|Any CPU
		{5B4A6291-C1E9-4969-A7F0-8620BB7215EE}.Debug|Any CPU.Build.0 = Debug|Any CPU
		{5B4A6291-C1E9-4969-A7F0-8620BB7215EE}.Release|Any CPU.ActiveCfg = Release|Any CPU
		{5B4A6291-C1E9-4969-A7F0-8620BB7215EE}.Release|Any CPU.Build.0 = Release|Any CPU
		{5BE41B74-A3E0-43D0-93F3-43BC117A87F7}.Debug|Any CPU.ActiveCfg = Debug|Any CPU
		{5BE41B74-A3E0-43D0-93F3-43BC117A87F7}.Debug|Any CPU.Build.0 = Debug|Any CPU
		{5BE41B74-A3E0-43D0-93F3-43BC117A87F7}.Release|Any CPU.ActiveCfg = Release|Any CPU
		{5BE41B74-A3E0-43D0-93F3-43BC117A87F7}.Release|Any CPU.Build.0 = Release|Any CPU
		{12F9D020-1309-4E2D-B16B-80F5DF19AE38}.Debug|Any CPU.ActiveCfg = Debug|Any CPU
		{12F9D020-1309-4E2D-B16B-80F5DF19AE38}.Debug|Any CPU.Build.0 = Debug|Any CPU
		{12F9D020-1309-4E2D-B16B-80F5DF19AE38}.Release|Any CPU.ActiveCfg = Release|Any CPU
		{12F9D020-1309-4E2D-B16B-80F5DF19AE38}.Release|Any CPU.Build.0 = Release|Any CPU
		{6A96D8B5-A021-4FAB-9AE0-F0E8F553C5C4}.Debug|Any CPU.ActiveCfg = Debug|Any CPU
		{6A96D8B5-A021-4FAB-9AE0-F0E8F553C5C4}.Debug|Any CPU.Build.0 = Debug|Any CPU
		{6A96D8B5-A021-4FAB-9AE0-F0E8F553C5C4}.Release|Any CPU.ActiveCfg = Release|Any CPU
		{6A96D8B5-A021-4FAB-9AE0-F0E8F553C5C4}.Release|Any CPU.Build.0 = Release|Any CPU
		{AA770800-DB50-483A-992C-5ED1A5041261}.Debug|Any CPU.ActiveCfg = Debug|Any CPU
		{AA770800-DB50-483A-992C-5ED1A5041261}.Debug|Any CPU.Build.0 = Debug|Any CPU
		{AA770800-DB50-483A-992C-5ED1A5041261}.Release|Any CPU.ActiveCfg = Release|Any CPU
		{AA770800-DB50-483A-992C-5ED1A5041261}.Release|Any CPU.Build.0 = Release|Any CPU
		{B730E507-66ED-4BCA-813A-C18757142459}.Debug|Any CPU.ActiveCfg = Debug|Any CPU
		{B730E507-66ED-4BCA-813A-C18757142459}.Debug|Any CPU.Build.0 = Debug|Any CPU
		{B730E507-66ED-4BCA-813A-C18757142459}.Release|Any CPU.ActiveCfg = Release|Any CPU
		{B730E507-66ED-4BCA-813A-C18757142459}.Release|Any CPU.Build.0 = Release|Any CPU
		{73D121A3-352B-4712-80E3-AACAEB49F40A}.Debug|Any CPU.ActiveCfg = Debug|Any CPU
		{73D121A3-352B-4712-80E3-AACAEB49F40A}.Debug|Any CPU.Build.0 = Debug|Any CPU
		{73D121A3-352B-4712-80E3-AACAEB49F40A}.Release|Any CPU.ActiveCfg = Release|Any CPU
		{73D121A3-352B-4712-80E3-AACAEB49F40A}.Release|Any CPU.Build.0 = Release|Any CPU
		{EA7E183B-11B8-49BD-9DC1-FD1128639B37}.Debug|Any CPU.ActiveCfg = Debug|Any CPU
		{EA7E183B-11B8-49BD-9DC1-FD1128639B37}.Debug|Any CPU.Build.0 = Debug|Any CPU
		{EA7E183B-11B8-49BD-9DC1-FD1128639B37}.Release|Any CPU.ActiveCfg = Release|Any CPU
		{EA7E183B-11B8-49BD-9DC1-FD1128639B37}.Release|Any CPU.Build.0 = Release|Any CPU
		{EC6A00EE-3DBA-42DB-84E8-E5145571E4D6}.Debug|Any CPU.ActiveCfg = Debug|Any CPU
		{EC6A00EE-3DBA-42DB-84E8-E5145571E4D6}.Debug|Any CPU.Build.0 = Debug|Any CPU
		{EC6A00EE-3DBA-42DB-84E8-E5145571E4D6}.Release|Any CPU.ActiveCfg = Release|Any CPU
		{EC6A00EE-3DBA-42DB-84E8-E5145571E4D6}.Release|Any CPU.Build.0 = Release|Any CPU
		{F85EDF84-9B82-4BEA-8814-B2ED66BFCB09}.Debug|Any CPU.ActiveCfg = Debug|Any CPU
		{F85EDF84-9B82-4BEA-8814-B2ED66BFCB09}.Debug|Any CPU.Build.0 = Debug|Any CPU
		{F85EDF84-9B82-4BEA-8814-B2ED66BFCB09}.Release|Any CPU.ActiveCfg = Release|Any CPU
		{F85EDF84-9B82-4BEA-8814-B2ED66BFCB09}.Release|Any CPU.Build.0 = Release|Any CPU
		{F1BB4506-56E1-4024-B32F-AFD09F321885}.Debug|Any CPU.ActiveCfg = Debug|Any CPU
		{F1BB4506-56E1-4024-B32F-AFD09F321885}.Debug|Any CPU.Build.0 = Debug|Any CPU
		{F1BB4506-56E1-4024-B32F-AFD09F321885}.Release|Any CPU.ActiveCfg = Release|Any CPU
		{F1BB4506-56E1-4024-B32F-AFD09F321885}.Release|Any CPU.Build.0 = Release|Any CPU
		{50CBCF7A-33F4-4948-A082-C496B0905D80}.Debug|Any CPU.ActiveCfg = Debug|Any CPU
		{50CBCF7A-33F4-4948-A082-C496B0905D80}.Debug|Any CPU.Build.0 = Debug|Any CPU
		{50CBCF7A-33F4-4948-A082-C496B0905D80}.Release|Any CPU.ActiveCfg = Release|Any CPU
		{50CBCF7A-33F4-4948-A082-C496B0905D80}.Release|Any CPU.Build.0 = Release|Any CPU
		{0684F4AE-6379-4014-9FF3-E9D2F208C4C3}.Debug|Any CPU.ActiveCfg = Debug|Any CPU
		{0684F4AE-6379-4014-9FF3-E9D2F208C4C3}.Debug|Any CPU.Build.0 = Debug|Any CPU
		{0684F4AE-6379-4014-9FF3-E9D2F208C4C3}.Release|Any CPU.ActiveCfg = Release|Any CPU
		{0684F4AE-6379-4014-9FF3-E9D2F208C4C3}.Release|Any CPU.Build.0 = Release|Any CPU
		{B9C12DB3-441F-4415-8FC3-45480FD4F79D}.Debug|Any CPU.ActiveCfg = Debug|Any CPU
		{B9C12DB3-441F-4415-8FC3-45480FD4F79D}.Debug|Any CPU.Build.0 = Debug|Any CPU
		{B9C12DB3-441F-4415-8FC3-45480FD4F79D}.Release|Any CPU.ActiveCfg = Release|Any CPU
		{B9C12DB3-441F-4415-8FC3-45480FD4F79D}.Release|Any CPU.Build.0 = Release|Any CPU
		{E6A72C23-0E7D-4D09-9EF3-3E977DE133BC}.Debug|Any CPU.ActiveCfg = Debug|Any CPU
		{E6A72C23-0E7D-4D09-9EF3-3E977DE133BC}.Debug|Any CPU.Build.0 = Debug|Any CPU
		{E6A72C23-0E7D-4D09-9EF3-3E977DE133BC}.Release|Any CPU.ActiveCfg = Release|Any CPU
		{E6A72C23-0E7D-4D09-9EF3-3E977DE133BC}.Release|Any CPU.Build.0 = Release|Any CPU
	EndGlobalSection
EndGlobal
